
Microsoft Visual Studio Solution File, Format Version 12.00
# Visual Studio Version 17
VisualStudioVersion = 17.4.33103.184
MinimumVisualStudioVersion = 10.0.40219.1
Project("{9A19103F-16F7-4668-BE54-9A1E7A4F7556}") = "PdfClown", "PdfClown\PdfClown.csproj", "{DBED0809-EE4C-45B0-92FA-E4789ECC2AEC}"
EndProject
Project("{9A19103F-16F7-4668-BE54-9A1E7A4F7556}") = "PdfClown.Samples", "PdfClown.Samples\PdfClown.Samples.csproj", "{BDBDC0A1-6937-4BB6-964D-DDC62CE2832F}"
EndProject
Project("{2150E333-8FDC-42A3-9474-1A3956D46DE8}") = "Xamarin.Sample", "Xamarin.Sample", "{1495404D-2CED-47BD-948E-6F18B15E8586}"
EndProject
Project("{2150E333-8FDC-42A3-9474-1A3956D46DE8}") = "Xamarin", "Xamarin", "{B2A018BE-E6B1-4E16-B7EB-069BFCCF3A46}"
EndProject
Project("{9A19103F-16F7-4668-BE54-9A1E7A4F7556}") = "PdfClown.UI.Core", "PdfClown.UI.Core\PdfClown.UI.Core.csproj", "{B16F4088-4A12-48D9-9C74-A076F4D9BB24}"
EndProject
Project("{2150E333-8FDC-42A3-9474-1A3956D46DE8}") = "UI", "UI", "{380625E3-8583-4E3A-B5D1-8A8E33EAC07A}"
EndProject
Project("{9A19103F-16F7-4668-BE54-9A1E7A4F7556}") = "PdfClown.UI.Xamarin", "PdfClown.UI.Xamarin\PdfClown.UI.Xamarin\PdfClown.UI.Xamarin.csproj", "{83740077-BDE0-40F7-90D1-48830690E3A2}"
EndProject
Project("{9A19103F-16F7-4668-BE54-9A1E7A4F7556}") = "PdfClown.UI.Xamarin.WPF", "PdfClown.UI.Xamarin\PdfClown.UI.Xamarin.WPF\PdfClown.UI.Xamarin.WPF.csproj", "{F2C6F55D-4AAF-4050-8487-7E387D7353E0}"
EndProject
Project("{9A19103F-16F7-4668-BE54-9A1E7A4F7556}") = "PdfClown.UI.Xamarin.Sample", "PdfClown.UI.Xamarin.Sample\PdfClown.UI.Xamarin.Sample\PdfClown.UI.Xamarin.Sample.csproj", "{1168A66E-BE43-4C6F-B081-81C55D04960C}"
EndProject
Project("{9A19103F-16F7-4668-BE54-9A1E7A4F7556}") = "PdfClown.UI.Xamarin.Sample.WPF", "PdfClown.UI.Xamarin.Sample\PdfClown.UI.Xamarin.Sample.WPF\PdfClown.UI.Xamarin.Sample.WPF.csproj", "{AFAFE46B-DE92-46D7-AA37-5326BDFE2F71}"
EndProject
Project("{2150E333-8FDC-42A3-9474-1A3956D46DE8}") = "Blazor", "Blazor", "{A1B93CD2-048E-48AF-95E2-F0DFCA7E9D26}"
EndProject
Project("{9A19103F-16F7-4668-BE54-9A1E7A4F7556}") = "PdfClown.UI.Blazor", "PdfClown.UI.Blazor\PdfClown.UI.Blazor.csproj", "{E95B5D54-B0EA-4ACB-99B6-3E6B46D8893F}"
EndProject
Project("{9A19103F-16F7-4668-BE54-9A1E7A4F7556}") = "PdfClown.UI.Blazor.Sample", "PdfClown.UI.Blazor.Sample\PdfClown.UI.Blazor.Sample.csproj", "{20C3CB5F-2B1A-4851-AF57-02A89FE7B8A2}"
EndProject
Project("{9A19103F-16F7-4668-BE54-9A1E7A4F7556}") = "PdfClown.UI.Blazor.Sample.Host", "PdfClown.UI.Blazor.Sample.Host\PdfClown.UI.Blazor.Sample.Host.csproj", "{5BD81405-61A4-4259-AEF7-7B4219FFB1D5}"
EndProject
Project("{2150E333-8FDC-42A3-9474-1A3956D46DE8}") = "Avalonia", "Avalonia", "{1D4BDDD5-7303-4E1B-B132-5E6FCBB132E5}"
EndProject
Project("{FAE04EC0-301F-11D3-BF4B-00C04F79EFBC}") = "PdfClown.UI.Avalonia.Sample", "PdfClown.UI.Avalonia.Sample\PdfClown.UI.Avalonia.Sample.csproj", "{26228107-46AF-481D-A37E-190D069B3B26}"
EndProject
Project("{FAE04EC0-301F-11D3-BF4B-00C04F79EFBC}") = "PdfClown.UI.Avalonia", "PdfClown.UI.Avalonia\PdfClown.UI.Avalonia.csproj", "{15670001-347A-4273-8B3C-2EE90C0DE16F}"
EndProject
Global
	GlobalSection(SolutionConfigurationPlatforms) = preSolution
		Debug|Any CPU = Debug|Any CPU
		Debug|ARM = Debug|ARM
		Debug|iPhone = Debug|iPhone
		Debug|iPhoneSimulator = Debug|iPhoneSimulator
		Debug|x64 = Debug|x64
		Debug|x86 = Debug|x86
		Publish|Any CPU = Publish|Any CPU
		Publish|ARM = Publish|ARM
		Publish|iPhone = Publish|iPhone
		Publish|iPhoneSimulator = Publish|iPhoneSimulator
		Publish|x64 = Publish|x64
		Publish|x86 = Publish|x86
		Release|Any CPU = Release|Any CPU
		Release|ARM = Release|ARM
		Release|iPhone = Release|iPhone
		Release|iPhoneSimulator = Release|iPhoneSimulator
		Release|x64 = Release|x64
		Release|x86 = Release|x86
	EndGlobalSection
	GlobalSection(ProjectConfigurationPlatforms) = postSolution
		{DBED0809-EE4C-45B0-92FA-E4789ECC2AEC}.Debug|Any CPU.ActiveCfg = Debug|Any CPU
		{DBED0809-EE4C-45B0-92FA-E4789ECC2AEC}.Debug|Any CPU.Build.0 = Debug|Any CPU
		{DBED0809-EE4C-45B0-92FA-E4789ECC2AEC}.Debug|ARM.ActiveCfg = Debug|Any CPU
		{DBED0809-EE4C-45B0-92FA-E4789ECC2AEC}.Debug|ARM.Build.0 = Debug|Any CPU
		{DBED0809-EE4C-45B0-92FA-E4789ECC2AEC}.Debug|iPhone.ActiveCfg = Debug|Any CPU
		{DBED0809-EE4C-45B0-92FA-E4789ECC2AEC}.Debug|iPhone.Build.0 = Debug|Any CPU
		{DBED0809-EE4C-45B0-92FA-E4789ECC2AEC}.Debug|iPhoneSimulator.ActiveCfg = Debug|Any CPU
		{DBED0809-EE4C-45B0-92FA-E4789ECC2AEC}.Debug|iPhoneSimulator.Build.0 = Debug|Any CPU
		{DBED0809-EE4C-45B0-92FA-E4789ECC2AEC}.Debug|x64.ActiveCfg = Debug|Any CPU
		{DBED0809-EE4C-45B0-92FA-E4789ECC2AEC}.Debug|x64.Build.0 = Debug|Any CPU
		{DBED0809-EE4C-45B0-92FA-E4789ECC2AEC}.Debug|x86.ActiveCfg = Debug|Any CPU
		{DBED0809-EE4C-45B0-92FA-E4789ECC2AEC}.Debug|x86.Build.0 = Debug|Any CPU
		{DBED0809-EE4C-45B0-92FA-E4789ECC2AEC}.Publish|Any CPU.ActiveCfg = Release|Any CPU
		{DBED0809-EE4C-45B0-92FA-E4789ECC2AEC}.Publish|Any CPU.Build.0 = Release|Any CPU
		{DBED0809-EE4C-45B0-92FA-E4789ECC2AEC}.Publish|ARM.ActiveCfg = Release|Any CPU
		{DBED0809-EE4C-45B0-92FA-E4789ECC2AEC}.Publish|ARM.Build.0 = Release|Any CPU
		{DBED0809-EE4C-45B0-92FA-E4789ECC2AEC}.Publish|iPhone.ActiveCfg = Release|Any CPU
		{DBED0809-EE4C-45B0-92FA-E4789ECC2AEC}.Publish|iPhone.Build.0 = Release|Any CPU
		{DBED0809-EE4C-45B0-92FA-E4789ECC2AEC}.Publish|iPhoneSimulator.ActiveCfg = Release|Any CPU
		{DBED0809-EE4C-45B0-92FA-E4789ECC2AEC}.Publish|iPhoneSimulator.Build.0 = Release|Any CPU
		{DBED0809-EE4C-45B0-92FA-E4789ECC2AEC}.Publish|x64.ActiveCfg = Release|Any CPU
		{DBED0809-EE4C-45B0-92FA-E4789ECC2AEC}.Publish|x64.Build.0 = Release|Any CPU
		{DBED0809-EE4C-45B0-92FA-E4789ECC2AEC}.Publish|x86.ActiveCfg = Release|Any CPU
		{DBED0809-EE4C-45B0-92FA-E4789ECC2AEC}.Publish|x86.Build.0 = Release|Any CPU
		{DBED0809-EE4C-45B0-92FA-E4789ECC2AEC}.Release|Any CPU.ActiveCfg = Release|Any CPU
		{DBED0809-EE4C-45B0-92FA-E4789ECC2AEC}.Release|Any CPU.Build.0 = Release|Any CPU
		{DBED0809-EE4C-45B0-92FA-E4789ECC2AEC}.Release|ARM.ActiveCfg = Release|Any CPU
		{DBED0809-EE4C-45B0-92FA-E4789ECC2AEC}.Release|ARM.Build.0 = Release|Any CPU
		{DBED0809-EE4C-45B0-92FA-E4789ECC2AEC}.Release|iPhone.ActiveCfg = Release|Any CPU
		{DBED0809-EE4C-45B0-92FA-E4789ECC2AEC}.Release|iPhone.Build.0 = Release|Any CPU
		{DBED0809-EE4C-45B0-92FA-E4789ECC2AEC}.Release|iPhoneSimulator.ActiveCfg = Release|Any CPU
		{DBED0809-EE4C-45B0-92FA-E4789ECC2AEC}.Release|iPhoneSimulator.Build.0 = Release|Any CPU
		{DBED0809-EE4C-45B0-92FA-E4789ECC2AEC}.Release|x64.ActiveCfg = Release|Any CPU
		{DBED0809-EE4C-45B0-92FA-E4789ECC2AEC}.Release|x64.Build.0 = Release|Any CPU
		{DBED0809-EE4C-45B0-92FA-E4789ECC2AEC}.Release|x86.ActiveCfg = Release|Any CPU
		{DBED0809-EE4C-45B0-92FA-E4789ECC2AEC}.Release|x86.Build.0 = Release|Any CPU
		{BDBDC0A1-6937-4BB6-964D-DDC62CE2832F}.Debug|Any CPU.ActiveCfg = Debug|Any CPU
		{BDBDC0A1-6937-4BB6-964D-DDC62CE2832F}.Debug|Any CPU.Build.0 = Debug|Any CPU
		{BDBDC0A1-6937-4BB6-964D-DDC62CE2832F}.Debug|ARM.ActiveCfg = Debug|Any CPU
		{BDBDC0A1-6937-4BB6-964D-DDC62CE2832F}.Debug|ARM.Build.0 = Debug|Any CPU
		{BDBDC0A1-6937-4BB6-964D-DDC62CE2832F}.Debug|iPhone.ActiveCfg = Debug|Any CPU
		{BDBDC0A1-6937-4BB6-964D-DDC62CE2832F}.Debug|iPhone.Build.0 = Debug|Any CPU
		{BDBDC0A1-6937-4BB6-964D-DDC62CE2832F}.Debug|iPhoneSimulator.ActiveCfg = Debug|Any CPU
		{BDBDC0A1-6937-4BB6-964D-DDC62CE2832F}.Debug|iPhoneSimulator.Build.0 = Debug|Any CPU
		{BDBDC0A1-6937-4BB6-964D-DDC62CE2832F}.Debug|x64.ActiveCfg = Debug|Any CPU
		{BDBDC0A1-6937-4BB6-964D-DDC62CE2832F}.Debug|x64.Build.0 = Debug|Any CPU
		{BDBDC0A1-6937-4BB6-964D-DDC62CE2832F}.Debug|x86.ActiveCfg = Debug|Any CPU
		{BDBDC0A1-6937-4BB6-964D-DDC62CE2832F}.Debug|x86.Build.0 = Debug|Any CPU
		{BDBDC0A1-6937-4BB6-964D-DDC62CE2832F}.Publish|Any CPU.ActiveCfg = Release|Any CPU
		{BDBDC0A1-6937-4BB6-964D-DDC62CE2832F}.Publish|Any CPU.Build.0 = Release|Any CPU
		{BDBDC0A1-6937-4BB6-964D-DDC62CE2832F}.Publish|ARM.ActiveCfg = Release|Any CPU
		{BDBDC0A1-6937-4BB6-964D-DDC62CE2832F}.Publish|ARM.Build.0 = Release|Any CPU
		{BDBDC0A1-6937-4BB6-964D-DDC62CE2832F}.Publish|iPhone.ActiveCfg = Release|Any CPU
		{BDBDC0A1-6937-4BB6-964D-DDC62CE2832F}.Publish|iPhone.Build.0 = Release|Any CPU
		{BDBDC0A1-6937-4BB6-964D-DDC62CE2832F}.Publish|iPhoneSimulator.ActiveCfg = Release|Any CPU
		{BDBDC0A1-6937-4BB6-964D-DDC62CE2832F}.Publish|iPhoneSimulator.Build.0 = Release|Any CPU
		{BDBDC0A1-6937-4BB6-964D-DDC62CE2832F}.Publish|x64.ActiveCfg = Release|Any CPU
		{BDBDC0A1-6937-4BB6-964D-DDC62CE2832F}.Publish|x64.Build.0 = Release|Any CPU
		{BDBDC0A1-6937-4BB6-964D-DDC62CE2832F}.Publish|x86.ActiveCfg = Release|Any CPU
		{BDBDC0A1-6937-4BB6-964D-DDC62CE2832F}.Publish|x86.Build.0 = Release|Any CPU
		{BDBDC0A1-6937-4BB6-964D-DDC62CE2832F}.Release|Any CPU.ActiveCfg = Release|Any CPU
		{BDBDC0A1-6937-4BB6-964D-DDC62CE2832F}.Release|Any CPU.Build.0 = Release|Any CPU
		{BDBDC0A1-6937-4BB6-964D-DDC62CE2832F}.Release|ARM.ActiveCfg = Release|Any CPU
		{BDBDC0A1-6937-4BB6-964D-DDC62CE2832F}.Release|ARM.Build.0 = Release|Any CPU
		{BDBDC0A1-6937-4BB6-964D-DDC62CE2832F}.Release|iPhone.ActiveCfg = Release|Any CPU
		{BDBDC0A1-6937-4BB6-964D-DDC62CE2832F}.Release|iPhone.Build.0 = Release|Any CPU
		{BDBDC0A1-6937-4BB6-964D-DDC62CE2832F}.Release|iPhoneSimulator.ActiveCfg = Release|Any CPU
		{BDBDC0A1-6937-4BB6-964D-DDC62CE2832F}.Release|iPhoneSimulator.Build.0 = Release|Any CPU
		{BDBDC0A1-6937-4BB6-964D-DDC62CE2832F}.Release|x64.ActiveCfg = Release|Any CPU
		{BDBDC0A1-6937-4BB6-964D-DDC62CE2832F}.Release|x64.Build.0 = Release|Any CPU
		{BDBDC0A1-6937-4BB6-964D-DDC62CE2832F}.Release|x86.ActiveCfg = Release|Any CPU
		{BDBDC0A1-6937-4BB6-964D-DDC62CE2832F}.Release|x86.Build.0 = Release|Any CPU
		{B16F4088-4A12-48D9-9C74-A076F4D9BB24}.Debug|Any CPU.ActiveCfg = Debug|Any CPU
		{B16F4088-4A12-48D9-9C74-A076F4D9BB24}.Debug|Any CPU.Build.0 = Debug|Any CPU
		{B16F4088-4A12-48D9-9C74-A076F4D9BB24}.Debug|ARM.ActiveCfg = Debug|Any CPU
		{B16F4088-4A12-48D9-9C74-A076F4D9BB24}.Debug|ARM.Build.0 = Debug|Any CPU
		{B16F4088-4A12-48D9-9C74-A076F4D9BB24}.Debug|iPhone.ActiveCfg = Debug|Any CPU
		{B16F4088-4A12-48D9-9C74-A076F4D9BB24}.Debug|iPhone.Build.0 = Debug|Any CPU
		{B16F4088-4A12-48D9-9C74-A076F4D9BB24}.Debug|iPhoneSimulator.ActiveCfg = Debug|Any CPU
		{B16F4088-4A12-48D9-9C74-A076F4D9BB24}.Debug|iPhoneSimulator.Build.0 = Debug|Any CPU
		{B16F4088-4A12-48D9-9C74-A076F4D9BB24}.Debug|x64.ActiveCfg = Debug|Any CPU
		{B16F4088-4A12-48D9-9C74-A076F4D9BB24}.Debug|x64.Build.0 = Debug|Any CPU
		{B16F4088-4A12-48D9-9C74-A076F4D9BB24}.Debug|x86.ActiveCfg = Debug|Any CPU
		{B16F4088-4A12-48D9-9C74-A076F4D9BB24}.Debug|x86.Build.0 = Debug|Any CPU
		{B16F4088-4A12-48D9-9C74-A076F4D9BB24}.Publish|Any CPU.ActiveCfg = Release|Any CPU
		{B16F4088-4A12-48D9-9C74-A076F4D9BB24}.Publish|Any CPU.Build.0 = Release|Any CPU
		{B16F4088-4A12-48D9-9C74-A076F4D9BB24}.Publish|ARM.ActiveCfg = Release|Any CPU
		{B16F4088-4A12-48D9-9C74-A076F4D9BB24}.Publish|ARM.Build.0 = Release|Any CPU
		{B16F4088-4A12-48D9-9C74-A076F4D9BB24}.Publish|iPhone.ActiveCfg = Release|Any CPU
		{B16F4088-4A12-48D9-9C74-A076F4D9BB24}.Publish|iPhone.Build.0 = Release|Any CPU
		{B16F4088-4A12-48D9-9C74-A076F4D9BB24}.Publish|iPhoneSimulator.ActiveCfg = Release|Any CPU
		{B16F4088-4A12-48D9-9C74-A076F4D9BB24}.Publish|iPhoneSimulator.Build.0 = Release|Any CPU
		{B16F4088-4A12-48D9-9C74-A076F4D9BB24}.Publish|x64.ActiveCfg = Release|Any CPU
		{B16F4088-4A12-48D9-9C74-A076F4D9BB24}.Publish|x64.Build.0 = Release|Any CPU
		{B16F4088-4A12-48D9-9C74-A076F4D9BB24}.Publish|x86.ActiveCfg = Release|Any CPU
		{B16F4088-4A12-48D9-9C74-A076F4D9BB24}.Publish|x86.Build.0 = Release|Any CPU
		{B16F4088-4A12-48D9-9C74-A076F4D9BB24}.Release|Any CPU.ActiveCfg = Release|Any CPU
		{B16F4088-4A12-48D9-9C74-A076F4D9BB24}.Release|Any CPU.Build.0 = Release|Any CPU
		{B16F4088-4A12-48D9-9C74-A076F4D9BB24}.Release|ARM.ActiveCfg = Release|Any CPU
		{B16F4088-4A12-48D9-9C74-A076F4D9BB24}.Release|ARM.Build.0 = Release|Any CPU
		{B16F4088-4A12-48D9-9C74-A076F4D9BB24}.Release|iPhone.ActiveCfg = Release|Any CPU
		{B16F4088-4A12-48D9-9C74-A076F4D9BB24}.Release|iPhone.Build.0 = Release|Any CPU
		{B16F4088-4A12-48D9-9C74-A076F4D9BB24}.Release|iPhoneSimulator.ActiveCfg = Release|Any CPU
		{B16F4088-4A12-48D9-9C74-A076F4D9BB24}.Release|iPhoneSimulator.Build.0 = Release|Any CPU
		{B16F4088-4A12-48D9-9C74-A076F4D9BB24}.Release|x64.ActiveCfg = Release|Any CPU
		{B16F4088-4A12-48D9-9C74-A076F4D9BB24}.Release|x64.Build.0 = Release|Any CPU
		{B16F4088-4A12-48D9-9C74-A076F4D9BB24}.Release|x86.ActiveCfg = Release|Any CPU
		{B16F4088-4A12-48D9-9C74-A076F4D9BB24}.Release|x86.Build.0 = Release|Any CPU
		{83740077-BDE0-40F7-90D1-48830690E3A2}.Debug|Any CPU.ActiveCfg = Debug|Any CPU
		{83740077-BDE0-40F7-90D1-48830690E3A2}.Debug|Any CPU.Build.0 = Debug|Any CPU
		{83740077-BDE0-40F7-90D1-48830690E3A2}.Debug|ARM.ActiveCfg = Debug|Any CPU
		{83740077-BDE0-40F7-90D1-48830690E3A2}.Debug|ARM.Build.0 = Debug|Any CPU
		{83740077-BDE0-40F7-90D1-48830690E3A2}.Debug|iPhone.ActiveCfg = Debug|Any CPU
		{83740077-BDE0-40F7-90D1-48830690E3A2}.Debug|iPhone.Build.0 = Debug|Any CPU
		{83740077-BDE0-40F7-90D1-48830690E3A2}.Debug|iPhoneSimulator.ActiveCfg = Debug|Any CPU
		{83740077-BDE0-40F7-90D1-48830690E3A2}.Debug|iPhoneSimulator.Build.0 = Debug|Any CPU
		{83740077-BDE0-40F7-90D1-48830690E3A2}.Debug|x64.ActiveCfg = Debug|Any CPU
		{83740077-BDE0-40F7-90D1-48830690E3A2}.Debug|x64.Build.0 = Debug|Any CPU
		{83740077-BDE0-40F7-90D1-48830690E3A2}.Debug|x86.ActiveCfg = Debug|Any CPU
		{83740077-BDE0-40F7-90D1-48830690E3A2}.Debug|x86.Build.0 = Debug|Any CPU
		{83740077-BDE0-40F7-90D1-48830690E3A2}.Publish|Any CPU.ActiveCfg = Release|Any CPU
		{83740077-BDE0-40F7-90D1-48830690E3A2}.Publish|Any CPU.Build.0 = Release|Any CPU
		{83740077-BDE0-40F7-90D1-48830690E3A2}.Publish|ARM.ActiveCfg = Release|Any CPU
		{83740077-BDE0-40F7-90D1-48830690E3A2}.Publish|ARM.Build.0 = Release|Any CPU
		{83740077-BDE0-40F7-90D1-48830690E3A2}.Publish|iPhone.ActiveCfg = Release|Any CPU
		{83740077-BDE0-40F7-90D1-48830690E3A2}.Publish|iPhone.Build.0 = Release|Any CPU
		{83740077-BDE0-40F7-90D1-48830690E3A2}.Publish|iPhoneSimulator.ActiveCfg = Release|Any CPU
		{83740077-BDE0-40F7-90D1-48830690E3A2}.Publish|iPhoneSimulator.Build.0 = Release|Any CPU
		{83740077-BDE0-40F7-90D1-48830690E3A2}.Publish|x64.ActiveCfg = Release|Any CPU
		{83740077-BDE0-40F7-90D1-48830690E3A2}.Publish|x64.Build.0 = Release|Any CPU
		{83740077-BDE0-40F7-90D1-48830690E3A2}.Publish|x86.ActiveCfg = Release|Any CPU
		{83740077-BDE0-40F7-90D1-48830690E3A2}.Publish|x86.Build.0 = Release|Any CPU
		{83740077-BDE0-40F7-90D1-48830690E3A2}.Release|Any CPU.ActiveCfg = Release|Any CPU
		{83740077-BDE0-40F7-90D1-48830690E3A2}.Release|Any CPU.Build.0 = Release|Any CPU
		{83740077-BDE0-40F7-90D1-48830690E3A2}.Release|ARM.ActiveCfg = Release|Any CPU
		{83740077-BDE0-40F7-90D1-48830690E3A2}.Release|ARM.Build.0 = Release|Any CPU
		{83740077-BDE0-40F7-90D1-48830690E3A2}.Release|iPhone.ActiveCfg = Release|Any CPU
		{83740077-BDE0-40F7-90D1-48830690E3A2}.Release|iPhone.Build.0 = Release|Any CPU
		{83740077-BDE0-40F7-90D1-48830690E3A2}.Release|iPhoneSimulator.ActiveCfg = Release|Any CPU
		{83740077-BDE0-40F7-90D1-48830690E3A2}.Release|iPhoneSimulator.Build.0 = Release|Any CPU
		{83740077-BDE0-40F7-90D1-48830690E3A2}.Release|x64.ActiveCfg = Release|Any CPU
		{83740077-BDE0-40F7-90D1-48830690E3A2}.Release|x64.Build.0 = Release|Any CPU
		{83740077-BDE0-40F7-90D1-48830690E3A2}.Release|x86.ActiveCfg = Release|Any CPU
		{83740077-BDE0-40F7-90D1-48830690E3A2}.Release|x86.Build.0 = Release|Any CPU
		{F2C6F55D-4AAF-4050-8487-7E387D7353E0}.Debug|Any CPU.ActiveCfg = Debug|Any CPU
		{F2C6F55D-4AAF-4050-8487-7E387D7353E0}.Debug|Any CPU.Build.0 = Debug|Any CPU
		{F2C6F55D-4AAF-4050-8487-7E387D7353E0}.Debug|ARM.ActiveCfg = Debug|Any CPU
		{F2C6F55D-4AAF-4050-8487-7E387D7353E0}.Debug|ARM.Build.0 = Debug|Any CPU
		{F2C6F55D-4AAF-4050-8487-7E387D7353E0}.Debug|iPhone.ActiveCfg = Debug|Any CPU
		{F2C6F55D-4AAF-4050-8487-7E387D7353E0}.Debug|iPhone.Build.0 = Debug|Any CPU
		{F2C6F55D-4AAF-4050-8487-7E387D7353E0}.Debug|iPhoneSimulator.ActiveCfg = Debug|Any CPU
		{F2C6F55D-4AAF-4050-8487-7E387D7353E0}.Debug|iPhoneSimulator.Build.0 = Debug|Any CPU
		{F2C6F55D-4AAF-4050-8487-7E387D7353E0}.Debug|x64.ActiveCfg = Debug|Any CPU
		{F2C6F55D-4AAF-4050-8487-7E387D7353E0}.Debug|x64.Build.0 = Debug|Any CPU
		{F2C6F55D-4AAF-4050-8487-7E387D7353E0}.Debug|x86.ActiveCfg = Debug|Any CPU
		{F2C6F55D-4AAF-4050-8487-7E387D7353E0}.Debug|x86.Build.0 = Debug|Any CPU
		{F2C6F55D-4AAF-4050-8487-7E387D7353E0}.Publish|Any CPU.ActiveCfg = Release|Any CPU
		{F2C6F55D-4AAF-4050-8487-7E387D7353E0}.Publish|Any CPU.Build.0 = Release|Any CPU
		{F2C6F55D-4AAF-4050-8487-7E387D7353E0}.Publish|ARM.ActiveCfg = Release|Any CPU
		{F2C6F55D-4AAF-4050-8487-7E387D7353E0}.Publish|ARM.Build.0 = Release|Any CPU
		{F2C6F55D-4AAF-4050-8487-7E387D7353E0}.Publish|iPhone.ActiveCfg = Release|Any CPU
		{F2C6F55D-4AAF-4050-8487-7E387D7353E0}.Publish|iPhone.Build.0 = Release|Any CPU
		{F2C6F55D-4AAF-4050-8487-7E387D7353E0}.Publish|iPhoneSimulator.ActiveCfg = Release|Any CPU
		{F2C6F55D-4AAF-4050-8487-7E387D7353E0}.Publish|iPhoneSimulator.Build.0 = Release|Any CPU
		{F2C6F55D-4AAF-4050-8487-7E387D7353E0}.Publish|x64.ActiveCfg = Release|Any CPU
		{F2C6F55D-4AAF-4050-8487-7E387D7353E0}.Publish|x64.Build.0 = Release|Any CPU
		{F2C6F55D-4AAF-4050-8487-7E387D7353E0}.Publish|x86.ActiveCfg = Release|Any CPU
		{F2C6F55D-4AAF-4050-8487-7E387D7353E0}.Publish|x86.Build.0 = Release|Any CPU
		{F2C6F55D-4AAF-4050-8487-7E387D7353E0}.Release|Any CPU.ActiveCfg = Release|Any CPU
		{F2C6F55D-4AAF-4050-8487-7E387D7353E0}.Release|Any CPU.Build.0 = Release|Any CPU
		{F2C6F55D-4AAF-4050-8487-7E387D7353E0}.Release|ARM.ActiveCfg = Release|Any CPU
		{F2C6F55D-4AAF-4050-8487-7E387D7353E0}.Release|ARM.Build.0 = Release|Any CPU
		{F2C6F55D-4AAF-4050-8487-7E387D7353E0}.Release|iPhone.ActiveCfg = Release|Any CPU
		{F2C6F55D-4AAF-4050-8487-7E387D7353E0}.Release|iPhone.Build.0 = Release|Any CPU
		{F2C6F55D-4AAF-4050-8487-7E387D7353E0}.Release|iPhoneSimulator.ActiveCfg = Release|Any CPU
		{F2C6F55D-4AAF-4050-8487-7E387D7353E0}.Release|iPhoneSimulator.Build.0 = Release|Any CPU
		{F2C6F55D-4AAF-4050-8487-7E387D7353E0}.Release|x64.ActiveCfg = Release|Any CPU
		{F2C6F55D-4AAF-4050-8487-7E387D7353E0}.Release|x64.Build.0 = Release|Any CPU
		{F2C6F55D-4AAF-4050-8487-7E387D7353E0}.Release|x86.ActiveCfg = Release|Any CPU
		{F2C6F55D-4AAF-4050-8487-7E387D7353E0}.Release|x86.Build.0 = Release|Any CPU
		{1168A66E-BE43-4C6F-B081-81C55D04960C}.Debug|Any CPU.ActiveCfg = Debug|Any CPU
		{1168A66E-BE43-4C6F-B081-81C55D04960C}.Debug|Any CPU.Build.0 = Debug|Any CPU
		{1168A66E-BE43-4C6F-B081-81C55D04960C}.Debug|ARM.ActiveCfg = Debug|Any CPU
		{1168A66E-BE43-4C6F-B081-81C55D04960C}.Debug|ARM.Build.0 = Debug|Any CPU
		{1168A66E-BE43-4C6F-B081-81C55D04960C}.Debug|iPhone.ActiveCfg = Debug|Any CPU
		{1168A66E-BE43-4C6F-B081-81C55D04960C}.Debug|iPhone.Build.0 = Debug|Any CPU
		{1168A66E-BE43-4C6F-B081-81C55D04960C}.Debug|iPhoneSimulator.ActiveCfg = Debug|Any CPU
		{1168A66E-BE43-4C6F-B081-81C55D04960C}.Debug|iPhoneSimulator.Build.0 = Debug|Any CPU
		{1168A66E-BE43-4C6F-B081-81C55D04960C}.Debug|x64.ActiveCfg = Debug|Any CPU
		{1168A66E-BE43-4C6F-B081-81C55D04960C}.Debug|x64.Build.0 = Debug|Any CPU
		{1168A66E-BE43-4C6F-B081-81C55D04960C}.Debug|x86.ActiveCfg = Debug|Any CPU
		{1168A66E-BE43-4C6F-B081-81C55D04960C}.Debug|x86.Build.0 = Debug|Any CPU
		{1168A66E-BE43-4C6F-B081-81C55D04960C}.Publish|Any CPU.ActiveCfg = Release|Any CPU
		{1168A66E-BE43-4C6F-B081-81C55D04960C}.Publish|Any CPU.Build.0 = Release|Any CPU
		{1168A66E-BE43-4C6F-B081-81C55D04960C}.Publish|ARM.ActiveCfg = Release|Any CPU
		{1168A66E-BE43-4C6F-B081-81C55D04960C}.Publish|ARM.Build.0 = Release|Any CPU
		{1168A66E-BE43-4C6F-B081-81C55D04960C}.Publish|iPhone.ActiveCfg = Release|Any CPU
		{1168A66E-BE43-4C6F-B081-81C55D04960C}.Publish|iPhone.Build.0 = Release|Any CPU
		{1168A66E-BE43-4C6F-B081-81C55D04960C}.Publish|iPhoneSimulator.ActiveCfg = Release|Any CPU
		{1168A66E-BE43-4C6F-B081-81C55D04960C}.Publish|iPhoneSimulator.Build.0 = Release|Any CPU
		{1168A66E-BE43-4C6F-B081-81C55D04960C}.Publish|x64.ActiveCfg = Release|Any CPU
		{1168A66E-BE43-4C6F-B081-81C55D04960C}.Publish|x64.Build.0 = Release|Any CPU
		{1168A66E-BE43-4C6F-B081-81C55D04960C}.Publish|x86.ActiveCfg = Release|Any CPU
		{1168A66E-BE43-4C6F-B081-81C55D04960C}.Publish|x86.Build.0 = Release|Any CPU
		{1168A66E-BE43-4C6F-B081-81C55D04960C}.Release|Any CPU.ActiveCfg = Release|Any CPU
		{1168A66E-BE43-4C6F-B081-81C55D04960C}.Release|Any CPU.Build.0 = Release|Any CPU
		{1168A66E-BE43-4C6F-B081-81C55D04960C}.Release|ARM.ActiveCfg = Release|Any CPU
		{1168A66E-BE43-4C6F-B081-81C55D04960C}.Release|ARM.Build.0 = Release|Any CPU
		{1168A66E-BE43-4C6F-B081-81C55D04960C}.Release|iPhone.ActiveCfg = Release|Any CPU
		{1168A66E-BE43-4C6F-B081-81C55D04960C}.Release|iPhone.Build.0 = Release|Any CPU
		{1168A66E-BE43-4C6F-B081-81C55D04960C}.Release|iPhoneSimulator.ActiveCfg = Release|Any CPU
		{1168A66E-BE43-4C6F-B081-81C55D04960C}.Release|iPhoneSimulator.Build.0 = Release|Any CPU
		{1168A66E-BE43-4C6F-B081-81C55D04960C}.Release|x64.ActiveCfg = Release|Any CPU
		{1168A66E-BE43-4C6F-B081-81C55D04960C}.Release|x64.Build.0 = Release|Any CPU
		{1168A66E-BE43-4C6F-B081-81C55D04960C}.Release|x86.ActiveCfg = Release|Any CPU
		{1168A66E-BE43-4C6F-B081-81C55D04960C}.Release|x86.Build.0 = Release|Any CPU
		{AFAFE46B-DE92-46D7-AA37-5326BDFE2F71}.Debug|Any CPU.ActiveCfg = Debug|Any CPU
		{AFAFE46B-DE92-46D7-AA37-5326BDFE2F71}.Debug|Any CPU.Build.0 = Debug|Any CPU
		{AFAFE46B-DE92-46D7-AA37-5326BDFE2F71}.Debug|ARM.ActiveCfg = Debug|Any CPU
		{AFAFE46B-DE92-46D7-AA37-5326BDFE2F71}.Debug|ARM.Build.0 = Debug|Any CPU
		{AFAFE46B-DE92-46D7-AA37-5326BDFE2F71}.Debug|iPhone.ActiveCfg = Debug|Any CPU
		{AFAFE46B-DE92-46D7-AA37-5326BDFE2F71}.Debug|iPhone.Build.0 = Debug|Any CPU
		{AFAFE46B-DE92-46D7-AA37-5326BDFE2F71}.Debug|iPhoneSimulator.ActiveCfg = Debug|Any CPU
		{AFAFE46B-DE92-46D7-AA37-5326BDFE2F71}.Debug|iPhoneSimulator.Build.0 = Debug|Any CPU
		{AFAFE46B-DE92-46D7-AA37-5326BDFE2F71}.Debug|x64.ActiveCfg = Debug|Any CPU
		{AFAFE46B-DE92-46D7-AA37-5326BDFE2F71}.Debug|x64.Build.0 = Debug|Any CPU
		{AFAFE46B-DE92-46D7-AA37-5326BDFE2F71}.Debug|x86.ActiveCfg = Debug|Any CPU
		{AFAFE46B-DE92-46D7-AA37-5326BDFE2F71}.Debug|x86.Build.0 = Debug|Any CPU
		{AFAFE46B-DE92-46D7-AA37-5326BDFE2F71}.Publish|Any CPU.ActiveCfg = Release|Any CPU
		{AFAFE46B-DE92-46D7-AA37-5326BDFE2F71}.Publish|Any CPU.Build.0 = Release|Any CPU
		{AFAFE46B-DE92-46D7-AA37-5326BDFE2F71}.Publish|ARM.ActiveCfg = Release|Any CPU
		{AFAFE46B-DE92-46D7-AA37-5326BDFE2F71}.Publish|ARM.Build.0 = Release|Any CPU
		{AFAFE46B-DE92-46D7-AA37-5326BDFE2F71}.Publish|iPhone.ActiveCfg = Release|Any CPU
		{AFAFE46B-DE92-46D7-AA37-5326BDFE2F71}.Publish|iPhone.Build.0 = Release|Any CPU
		{AFAFE46B-DE92-46D7-AA37-5326BDFE2F71}.Publish|iPhoneSimulator.ActiveCfg = Release|Any CPU
		{AFAFE46B-DE92-46D7-AA37-5326BDFE2F71}.Publish|iPhoneSimulator.Build.0 = Release|Any CPU
		{AFAFE46B-DE92-46D7-AA37-5326BDFE2F71}.Publish|x64.ActiveCfg = Release|Any CPU
		{AFAFE46B-DE92-46D7-AA37-5326BDFE2F71}.Publish|x64.Build.0 = Release|Any CPU
		{AFAFE46B-DE92-46D7-AA37-5326BDFE2F71}.Publish|x86.ActiveCfg = Release|Any CPU
		{AFAFE46B-DE92-46D7-AA37-5326BDFE2F71}.Publish|x86.Build.0 = Release|Any CPU
		{AFAFE46B-DE92-46D7-AA37-5326BDFE2F71}.Release|Any CPU.ActiveCfg = Release|Any CPU
		{AFAFE46B-DE92-46D7-AA37-5326BDFE2F71}.Release|Any CPU.Build.0 = Release|Any CPU
		{AFAFE46B-DE92-46D7-AA37-5326BDFE2F71}.Release|ARM.ActiveCfg = Release|Any CPU
		{AFAFE46B-DE92-46D7-AA37-5326BDFE2F71}.Release|ARM.Build.0 = Release|Any CPU
		{AFAFE46B-DE92-46D7-AA37-5326BDFE2F71}.Release|iPhone.ActiveCfg = Release|Any CPU
		{AFAFE46B-DE92-46D7-AA37-5326BDFE2F71}.Release|iPhone.Build.0 = Release|Any CPU
		{AFAFE46B-DE92-46D7-AA37-5326BDFE2F71}.Release|iPhoneSimulator.ActiveCfg = Release|Any CPU
		{AFAFE46B-DE92-46D7-AA37-5326BDFE2F71}.Release|iPhoneSimulator.Build.0 = Release|Any CPU
		{AFAFE46B-DE92-46D7-AA37-5326BDFE2F71}.Release|x64.ActiveCfg = Release|Any CPU
		{AFAFE46B-DE92-46D7-AA37-5326BDFE2F71}.Release|x64.Build.0 = Release|Any CPU
		{AFAFE46B-DE92-46D7-AA37-5326BDFE2F71}.Release|x86.ActiveCfg = Release|Any CPU
		{AFAFE46B-DE92-46D7-AA37-5326BDFE2F71}.Release|x86.Build.0 = Release|Any CPU
		{E95B5D54-B0EA-4ACB-99B6-3E6B46D8893F}.Debug|Any CPU.ActiveCfg = Debug|Any CPU
		{E95B5D54-B0EA-4ACB-99B6-3E6B46D8893F}.Debug|Any CPU.Build.0 = Debug|Any CPU
		{E95B5D54-B0EA-4ACB-99B6-3E6B46D8893F}.Debug|ARM.ActiveCfg = Debug|Any CPU
		{E95B5D54-B0EA-4ACB-99B6-3E6B46D8893F}.Debug|ARM.Build.0 = Debug|Any CPU
		{E95B5D54-B0EA-4ACB-99B6-3E6B46D8893F}.Debug|iPhone.ActiveCfg = Debug|Any CPU
		{E95B5D54-B0EA-4ACB-99B6-3E6B46D8893F}.Debug|iPhone.Build.0 = Debug|Any CPU
		{E95B5D54-B0EA-4ACB-99B6-3E6B46D8893F}.Debug|iPhoneSimulator.ActiveCfg = Debug|Any CPU
		{E95B5D54-B0EA-4ACB-99B6-3E6B46D8893F}.Debug|iPhoneSimulator.Build.0 = Debug|Any CPU
		{E95B5D54-B0EA-4ACB-99B6-3E6B46D8893F}.Debug|x64.ActiveCfg = Debug|Any CPU
		{E95B5D54-B0EA-4ACB-99B6-3E6B46D8893F}.Debug|x64.Build.0 = Debug|Any CPU
		{E95B5D54-B0EA-4ACB-99B6-3E6B46D8893F}.Debug|x86.ActiveCfg = Debug|Any CPU
		{E95B5D54-B0EA-4ACB-99B6-3E6B46D8893F}.Debug|x86.Build.0 = Debug|Any CPU
		{E95B5D54-B0EA-4ACB-99B6-3E6B46D8893F}.Publish|Any CPU.ActiveCfg = Release|Any CPU
		{E95B5D54-B0EA-4ACB-99B6-3E6B46D8893F}.Publish|Any CPU.Build.0 = Release|Any CPU
		{E95B5D54-B0EA-4ACB-99B6-3E6B46D8893F}.Publish|ARM.ActiveCfg = Release|Any CPU
		{E95B5D54-B0EA-4ACB-99B6-3E6B46D8893F}.Publish|ARM.Build.0 = Release|Any CPU
		{E95B5D54-B0EA-4ACB-99B6-3E6B46D8893F}.Publish|iPhone.ActiveCfg = Release|Any CPU
		{E95B5D54-B0EA-4ACB-99B6-3E6B46D8893F}.Publish|iPhone.Build.0 = Release|Any CPU
		{E95B5D54-B0EA-4ACB-99B6-3E6B46D8893F}.Publish|iPhoneSimulator.ActiveCfg = Release|Any CPU
		{E95B5D54-B0EA-4ACB-99B6-3E6B46D8893F}.Publish|iPhoneSimulator.Build.0 = Release|Any CPU
		{E95B5D54-B0EA-4ACB-99B6-3E6B46D8893F}.Publish|x64.ActiveCfg = Release|Any CPU
		{E95B5D54-B0EA-4ACB-99B6-3E6B46D8893F}.Publish|x64.Build.0 = Release|Any CPU
		{E95B5D54-B0EA-4ACB-99B6-3E6B46D8893F}.Publish|x86.ActiveCfg = Release|Any CPU
		{E95B5D54-B0EA-4ACB-99B6-3E6B46D8893F}.Publish|x86.Build.0 = Release|Any CPU
		{E95B5D54-B0EA-4ACB-99B6-3E6B46D8893F}.Release|Any CPU.ActiveCfg = Release|Any CPU
		{E95B5D54-B0EA-4ACB-99B6-3E6B46D8893F}.Release|Any CPU.Build.0 = Release|Any CPU
		{E95B5D54-B0EA-4ACB-99B6-3E6B46D8893F}.Release|ARM.ActiveCfg = Release|Any CPU
		{E95B5D54-B0EA-4ACB-99B6-3E6B46D8893F}.Release|ARM.Build.0 = Release|Any CPU
		{E95B5D54-B0EA-4ACB-99B6-3E6B46D8893F}.Release|iPhone.ActiveCfg = Release|Any CPU
		{E95B5D54-B0EA-4ACB-99B6-3E6B46D8893F}.Release|iPhone.Build.0 = Release|Any CPU
		{E95B5D54-B0EA-4ACB-99B6-3E6B46D8893F}.Release|iPhoneSimulator.ActiveCfg = Release|Any CPU
		{E95B5D54-B0EA-4ACB-99B6-3E6B46D8893F}.Release|iPhoneSimulator.Build.0 = Release|Any CPU
		{E95B5D54-B0EA-4ACB-99B6-3E6B46D8893F}.Release|x64.ActiveCfg = Release|Any CPU
		{E95B5D54-B0EA-4ACB-99B6-3E6B46D8893F}.Release|x64.Build.0 = Release|Any CPU
		{E95B5D54-B0EA-4ACB-99B6-3E6B46D8893F}.Release|x86.ActiveCfg = Release|Any CPU
		{E95B5D54-B0EA-4ACB-99B6-3E6B46D8893F}.Release|x86.Build.0 = Release|Any CPU
		{20C3CB5F-2B1A-4851-AF57-02A89FE7B8A2}.Debug|Any CPU.ActiveCfg = Debug|Any CPU
		{20C3CB5F-2B1A-4851-AF57-02A89FE7B8A2}.Debug|Any CPU.Build.0 = Debug|Any CPU
		{20C3CB5F-2B1A-4851-AF57-02A89FE7B8A2}.Debug|ARM.ActiveCfg = Debug|Any CPU
		{20C3CB5F-2B1A-4851-AF57-02A89FE7B8A2}.Debug|ARM.Build.0 = Debug|Any CPU
		{20C3CB5F-2B1A-4851-AF57-02A89FE7B8A2}.Debug|iPhone.ActiveCfg = Debug|Any CPU
		{20C3CB5F-2B1A-4851-AF57-02A89FE7B8A2}.Debug|iPhone.Build.0 = Debug|Any CPU
		{20C3CB5F-2B1A-4851-AF57-02A89FE7B8A2}.Debug|iPhoneSimulator.ActiveCfg = Debug|Any CPU
		{20C3CB5F-2B1A-4851-AF57-02A89FE7B8A2}.Debug|iPhoneSimulator.Build.0 = Debug|Any CPU
		{20C3CB5F-2B1A-4851-AF57-02A89FE7B8A2}.Debug|x64.ActiveCfg = Debug|Any CPU
		{20C3CB5F-2B1A-4851-AF57-02A89FE7B8A2}.Debug|x64.Build.0 = Debug|Any CPU
		{20C3CB5F-2B1A-4851-AF57-02A89FE7B8A2}.Debug|x86.ActiveCfg = Debug|Any CPU
		{20C3CB5F-2B1A-4851-AF57-02A89FE7B8A2}.Debug|x86.Build.0 = Debug|Any CPU
		{20C3CB5F-2B1A-4851-AF57-02A89FE7B8A2}.Publish|Any CPU.ActiveCfg = Release|Any CPU
		{20C3CB5F-2B1A-4851-AF57-02A89FE7B8A2}.Publish|Any CPU.Build.0 = Release|Any CPU
		{20C3CB5F-2B1A-4851-AF57-02A89FE7B8A2}.Publish|ARM.ActiveCfg = Debug|Any CPU
		{20C3CB5F-2B1A-4851-AF57-02A89FE7B8A2}.Publish|ARM.Build.0 = Debug|Any CPU
		{20C3CB5F-2B1A-4851-AF57-02A89FE7B8A2}.Publish|iPhone.ActiveCfg = Debug|Any CPU
		{20C3CB5F-2B1A-4851-AF57-02A89FE7B8A2}.Publish|iPhone.Build.0 = Debug|Any CPU
		{20C3CB5F-2B1A-4851-AF57-02A89FE7B8A2}.Publish|iPhoneSimulator.ActiveCfg = Debug|Any CPU
		{20C3CB5F-2B1A-4851-AF57-02A89FE7B8A2}.Publish|iPhoneSimulator.Build.0 = Debug|Any CPU
		{20C3CB5F-2B1A-4851-AF57-02A89FE7B8A2}.Publish|x64.ActiveCfg = Debug|Any CPU
		{20C3CB5F-2B1A-4851-AF57-02A89FE7B8A2}.Publish|x64.Build.0 = Debug|Any CPU
		{20C3CB5F-2B1A-4851-AF57-02A89FE7B8A2}.Publish|x86.ActiveCfg = Debug|Any CPU
		{20C3CB5F-2B1A-4851-AF57-02A89FE7B8A2}.Publish|x86.Build.0 = Debug|Any CPU
		{20C3CB5F-2B1A-4851-AF57-02A89FE7B8A2}.Release|Any CPU.ActiveCfg = Release|Any CPU
		{20C3CB5F-2B1A-4851-AF57-02A89FE7B8A2}.Release|Any CPU.Build.0 = Release|Any CPU
		{20C3CB5F-2B1A-4851-AF57-02A89FE7B8A2}.Release|ARM.ActiveCfg = Release|Any CPU
		{20C3CB5F-2B1A-4851-AF57-02A89FE7B8A2}.Release|ARM.Build.0 = Release|Any CPU
		{20C3CB5F-2B1A-4851-AF57-02A89FE7B8A2}.Release|iPhone.ActiveCfg = Release|Any CPU
		{20C3CB5F-2B1A-4851-AF57-02A89FE7B8A2}.Release|iPhone.Build.0 = Release|Any CPU
		{20C3CB5F-2B1A-4851-AF57-02A89FE7B8A2}.Release|iPhoneSimulator.ActiveCfg = Release|Any CPU
		{20C3CB5F-2B1A-4851-AF57-02A89FE7B8A2}.Release|iPhoneSimulator.Build.0 = Release|Any CPU
		{20C3CB5F-2B1A-4851-AF57-02A89FE7B8A2}.Release|x64.ActiveCfg = Release|Any CPU
		{20C3CB5F-2B1A-4851-AF57-02A89FE7B8A2}.Release|x64.Build.0 = Release|Any CPU
		{20C3CB5F-2B1A-4851-AF57-02A89FE7B8A2}.Release|x86.ActiveCfg = Release|Any CPU
		{20C3CB5F-2B1A-4851-AF57-02A89FE7B8A2}.Release|x86.Build.0 = Release|Any CPU
		{5BD81405-61A4-4259-AEF7-7B4219FFB1D5}.Debug|Any CPU.ActiveCfg = Debug|Any CPU
		{5BD81405-61A4-4259-AEF7-7B4219FFB1D5}.Debug|Any CPU.Build.0 = Debug|Any CPU
		{5BD81405-61A4-4259-AEF7-7B4219FFB1D5}.Debug|ARM.ActiveCfg = Debug|Any CPU
		{5BD81405-61A4-4259-AEF7-7B4219FFB1D5}.Debug|ARM.Build.0 = Debug|Any CPU
		{5BD81405-61A4-4259-AEF7-7B4219FFB1D5}.Debug|iPhone.ActiveCfg = Debug|Any CPU
		{5BD81405-61A4-4259-AEF7-7B4219FFB1D5}.Debug|iPhone.Build.0 = Debug|Any CPU
		{5BD81405-61A4-4259-AEF7-7B4219FFB1D5}.Debug|iPhoneSimulator.ActiveCfg = Debug|Any CPU
		{5BD81405-61A4-4259-AEF7-7B4219FFB1D5}.Debug|iPhoneSimulator.Build.0 = Debug|Any CPU
		{5BD81405-61A4-4259-AEF7-7B4219FFB1D5}.Debug|x64.ActiveCfg = Debug|Any CPU
		{5BD81405-61A4-4259-AEF7-7B4219FFB1D5}.Debug|x64.Build.0 = Debug|Any CPU
		{5BD81405-61A4-4259-AEF7-7B4219FFB1D5}.Debug|x86.ActiveCfg = Debug|Any CPU
		{5BD81405-61A4-4259-AEF7-7B4219FFB1D5}.Debug|x86.Build.0 = Debug|Any CPU
		{5BD81405-61A4-4259-AEF7-7B4219FFB1D5}.Publish|Any CPU.ActiveCfg = Release|Any CPU
		{5BD81405-61A4-4259-AEF7-7B4219FFB1D5}.Publish|Any CPU.Build.0 = Release|Any CPU
		{5BD81405-61A4-4259-AEF7-7B4219FFB1D5}.Publish|ARM.ActiveCfg = Debug|Any CPU
		{5BD81405-61A4-4259-AEF7-7B4219FFB1D5}.Publish|ARM.Build.0 = Debug|Any CPU
		{5BD81405-61A4-4259-AEF7-7B4219FFB1D5}.Publish|iPhone.ActiveCfg = Debug|Any CPU
		{5BD81405-61A4-4259-AEF7-7B4219FFB1D5}.Publish|iPhone.Build.0 = Debug|Any CPU
		{5BD81405-61A4-4259-AEF7-7B4219FFB1D5}.Publish|iPhoneSimulator.ActiveCfg = Debug|Any CPU
		{5BD81405-61A4-4259-AEF7-7B4219FFB1D5}.Publish|iPhoneSimulator.Build.0 = Debug|Any CPU
		{5BD81405-61A4-4259-AEF7-7B4219FFB1D5}.Publish|x64.ActiveCfg = Debug|Any CPU
		{5BD81405-61A4-4259-AEF7-7B4219FFB1D5}.Publish|x64.Build.0 = Debug|Any CPU
		{5BD81405-61A4-4259-AEF7-7B4219FFB1D5}.Publish|x86.ActiveCfg = Debug|Any CPU
		{5BD81405-61A4-4259-AEF7-7B4219FFB1D5}.Publish|x86.Build.0 = Debug|Any CPU
		{5BD81405-61A4-4259-AEF7-7B4219FFB1D5}.Release|Any CPU.ActiveCfg = Release|Any CPU
		{5BD81405-61A4-4259-AEF7-7B4219FFB1D5}.Release|Any CPU.Build.0 = Release|Any CPU
		{5BD81405-61A4-4259-AEF7-7B4219FFB1D5}.Release|ARM.ActiveCfg = Release|Any CPU
		{5BD81405-61A4-4259-AEF7-7B4219FFB1D5}.Release|ARM.Build.0 = Release|Any CPU
		{5BD81405-61A4-4259-AEF7-7B4219FFB1D5}.Release|iPhone.ActiveCfg = Release|Any CPU
		{5BD81405-61A4-4259-AEF7-7B4219FFB1D5}.Release|iPhone.Build.0 = Release|Any CPU
		{5BD81405-61A4-4259-AEF7-7B4219FFB1D5}.Release|iPhoneSimulator.ActiveCfg = Release|Any CPU
		{5BD81405-61A4-4259-AEF7-7B4219FFB1D5}.Release|iPhoneSimulator.Build.0 = Release|Any CPU
		{5BD81405-61A4-4259-AEF7-7B4219FFB1D5}.Release|x64.ActiveCfg = Release|Any CPU
		{5BD81405-61A4-4259-AEF7-7B4219FFB1D5}.Release|x64.Build.0 = Release|Any CPU
		{5BD81405-61A4-4259-AEF7-7B4219FFB1D5}.Release|x86.ActiveCfg = Release|Any CPU
		{5BD81405-61A4-4259-AEF7-7B4219FFB1D5}.Release|x86.Build.0 = Release|Any CPU
		{26228107-46AF-481D-A37E-190D069B3B26}.Debug|Any CPU.ActiveCfg = Debug|Any CPU
		{26228107-46AF-481D-A37E-190D069B3B26}.Debug|Any CPU.Build.0 = Debug|Any CPU
		{26228107-46AF-481D-A37E-190D069B3B26}.Debug|ARM.ActiveCfg = Debug|Any CPU
		{26228107-46AF-481D-A37E-190D069B3B26}.Debug|ARM.Build.0 = Debug|Any CPU
		{26228107-46AF-481D-A37E-190D069B3B26}.Debug|iPhone.ActiveCfg = Debug|Any CPU
		{26228107-46AF-481D-A37E-190D069B3B26}.Debug|iPhone.Build.0 = Debug|Any CPU
		{26228107-46AF-481D-A37E-190D069B3B26}.Debug|iPhoneSimulator.ActiveCfg = Debug|Any CPU
		{26228107-46AF-481D-A37E-190D069B3B26}.Debug|iPhoneSimulator.Build.0 = Debug|Any CPU
		{26228107-46AF-481D-A37E-190D069B3B26}.Debug|x64.ActiveCfg = Debug|Any CPU
		{26228107-46AF-481D-A37E-190D069B3B26}.Debug|x64.Build.0 = Debug|Any CPU
		{26228107-46AF-481D-A37E-190D069B3B26}.Debug|x86.ActiveCfg = Debug|Any CPU
		{26228107-46AF-481D-A37E-190D069B3B26}.Debug|x86.Build.0 = Debug|Any CPU
		{26228107-46AF-481D-A37E-190D069B3B26}.Publish|Any CPU.ActiveCfg = Debug|Any CPU
		{26228107-46AF-481D-A37E-190D069B3B26}.Publish|Any CPU.Build.0 = Debug|Any CPU
		{26228107-46AF-481D-A37E-190D069B3B26}.Publish|ARM.ActiveCfg = Debug|Any CPU
		{26228107-46AF-481D-A37E-190D069B3B26}.Publish|ARM.Build.0 = Debug|Any CPU
		{26228107-46AF-481D-A37E-190D069B3B26}.Publish|iPhone.ActiveCfg = Debug|Any CPU
		{26228107-46AF-481D-A37E-190D069B3B26}.Publish|iPhone.Build.0 = Debug|Any CPU
		{26228107-46AF-481D-A37E-190D069B3B26}.Publish|iPhoneSimulator.ActiveCfg = Debug|Any CPU
		{26228107-46AF-481D-A37E-190D069B3B26}.Publish|iPhoneSimulator.Build.0 = Debug|Any CPU
		{26228107-46AF-481D-A37E-190D069B3B26}.Publish|x64.ActiveCfg = Debug|Any CPU
		{26228107-46AF-481D-A37E-190D069B3B26}.Publish|x64.Build.0 = Debug|Any CPU
		{26228107-46AF-481D-A37E-190D069B3B26}.Publish|x86.ActiveCfg = Debug|Any CPU
		{26228107-46AF-481D-A37E-190D069B3B26}.Publish|x86.Build.0 = Debug|Any CPU
		{26228107-46AF-481D-A37E-190D069B3B26}.Release|Any CPU.ActiveCfg = Release|Any CPU
		{26228107-46AF-481D-A37E-190D069B3B26}.Release|Any CPU.Build.0 = Release|Any CPU
		{26228107-46AF-481D-A37E-190D069B3B26}.Release|ARM.ActiveCfg = Release|Any CPU
		{26228107-46AF-481D-A37E-190D069B3B26}.Release|ARM.Build.0 = Release|Any CPU
		{26228107-46AF-481D-A37E-190D069B3B26}.Release|iPhone.ActiveCfg = Release|Any CPU
		{26228107-46AF-481D-A37E-190D069B3B26}.Release|iPhone.Build.0 = Release|Any CPU
		{26228107-46AF-481D-A37E-190D069B3B26}.Release|iPhoneSimulator.ActiveCfg = Release|Any CPU
		{26228107-46AF-481D-A37E-190D069B3B26}.Release|iPhoneSimulator.Build.0 = Release|Any CPU
		{26228107-46AF-481D-A37E-190D069B3B26}.Release|x64.ActiveCfg = Release|Any CPU
		{26228107-46AF-481D-A37E-190D069B3B26}.Release|x64.Build.0 = Release|Any CPU
		{26228107-46AF-481D-A37E-190D069B3B26}.Release|x86.ActiveCfg = Release|Any CPU
		{26228107-46AF-481D-A37E-190D069B3B26}.Release|x86.Build.0 = Release|Any CPU
		{15670001-347A-4273-8B3C-2EE90C0DE16F}.Debug|Any CPU.ActiveCfg = Debug|Any CPU
		{15670001-347A-4273-8B3C-2EE90C0DE16F}.Debug|Any CPU.Build.0 = Debug|Any CPU
		{15670001-347A-4273-8B3C-2EE90C0DE16F}.Debug|ARM.ActiveCfg = Debug|Any CPU
		{15670001-347A-4273-8B3C-2EE90C0DE16F}.Debug|ARM.Build.0 = Debug|Any CPU
		{15670001-347A-4273-8B3C-2EE90C0DE16F}.Debug|iPhone.ActiveCfg = Debug|Any CPU
		{15670001-347A-4273-8B3C-2EE90C0DE16F}.Debug|iPhone.Build.0 = Debug|Any CPU
		{15670001-347A-4273-8B3C-2EE90C0DE16F}.Debug|iPhoneSimulator.ActiveCfg = Debug|Any CPU
		{15670001-347A-4273-8B3C-2EE90C0DE16F}.Debug|iPhoneSimulator.Build.0 = Debug|Any CPU
		{15670001-347A-4273-8B3C-2EE90C0DE16F}.Debug|x64.ActiveCfg = Debug|Any CPU
		{15670001-347A-4273-8B3C-2EE90C0DE16F}.Debug|x64.Build.0 = Debug|Any CPU
		{15670001-347A-4273-8B3C-2EE90C0DE16F}.Debug|x86.ActiveCfg = Debug|Any CPU
		{15670001-347A-4273-8B3C-2EE90C0DE16F}.Debug|x86.Build.0 = Debug|Any CPU
		{15670001-347A-4273-8B3C-2EE90C0DE16F}.Publish|Any CPU.ActiveCfg = Debug|Any CPU
		{15670001-347A-4273-8B3C-2EE90C0DE16F}.Publish|Any CPU.Build.0 = Debug|Any CPU
		{15670001-347A-4273-8B3C-2EE90C0DE16F}.Publish|ARM.ActiveCfg = Debug|Any CPU
		{15670001-347A-4273-8B3C-2EE90C0DE16F}.Publish|ARM.Build.0 = Debug|Any CPU
		{15670001-347A-4273-8B3C-2EE90C0DE16F}.Publish|iPhone.ActiveCfg = Debug|Any CPU
		{15670001-347A-4273-8B3C-2EE90C0DE16F}.Publish|iPhone.Build.0 = Debug|Any CPU
		{15670001-347A-4273-8B3C-2EE90C0DE16F}.Publish|iPhoneSimulator.ActiveCfg = Debug|Any CPU
		{15670001-347A-4273-8B3C-2EE90C0DE16F}.Publish|iPhoneSimulator.Build.0 = Debug|Any CPU
		{15670001-347A-4273-8B3C-2EE90C0DE16F}.Publish|x64.ActiveCfg = Debug|Any CPU
		{15670001-347A-4273-8B3C-2EE90C0DE16F}.Publish|x64.Build.0 = Debug|Any CPU
		{15670001-347A-4273-8B3C-2EE90C0DE16F}.Publish|x86.ActiveCfg = Debug|Any CPU
		{15670001-347A-4273-8B3C-2EE90C0DE16F}.Publish|x86.Build.0 = Debug|Any CPU
		{15670001-347A-4273-8B3C-2EE90C0DE16F}.Release|Any CPU.ActiveCfg = Release|Any CPU
		{15670001-347A-4273-8B3C-2EE90C0DE16F}.Release|Any CPU.Build.0 = Release|Any CPU
		{15670001-347A-4273-8B3C-2EE90C0DE16F}.Release|ARM.ActiveCfg = Release|Any CPU
		{15670001-347A-4273-8B3C-2EE90C0DE16F}.Release|ARM.Build.0 = Release|Any CPU
		{15670001-347A-4273-8B3C-2EE90C0DE16F}.Release|iPhone.ActiveCfg = Release|Any CPU
		{15670001-347A-4273-8B3C-2EE90C0DE16F}.Release|iPhone.Build.0 = Release|Any CPU
		{15670001-347A-4273-8B3C-2EE90C0DE16F}.Release|iPhoneSimulator.ActiveCfg = Release|Any CPU
		{15670001-347A-4273-8B3C-2EE90C0DE16F}.Release|iPhoneSimulator.Build.0 = Release|Any CPU
		{15670001-347A-4273-8B3C-2EE90C0DE16F}.Release|x64.ActiveCfg = Release|Any CPU
		{15670001-347A-4273-8B3C-2EE90C0DE16F}.Release|x64.Build.0 = Release|Any CPU
		{15670001-347A-4273-8B3C-2EE90C0DE16F}.Release|x86.ActiveCfg = Release|Any CPU
		{15670001-347A-4273-8B3C-2EE90C0DE16F}.Release|x86.Build.0 = Release|Any CPU
	EndGlobalSection
	GlobalSection(SolutionProperties) = preSolution
		HideSolutionNode = FALSE
	EndGlobalSection
	GlobalSection(NestedProjects) = preSolution
		{1495404D-2CED-47BD-948E-6F18B15E8586} = {B2A018BE-E6B1-4E16-B7EB-069BFCCF3A46}
		{B2A018BE-E6B1-4E16-B7EB-069BFCCF3A46} = {380625E3-8583-4E3A-B5D1-8A8E33EAC07A}
		{B16F4088-4A12-48D9-9C74-A076F4D9BB24} = {380625E3-8583-4E3A-B5D1-8A8E33EAC07A}
		{83740077-BDE0-40F7-90D1-48830690E3A2} = {B2A018BE-E6B1-4E16-B7EB-069BFCCF3A46}
		{F2C6F55D-4AAF-4050-8487-7E387D7353E0} = {B2A018BE-E6B1-4E16-B7EB-069BFCCF3A46}
		{1168A66E-BE43-4C6F-B081-81C55D04960C} = {1495404D-2CED-47BD-948E-6F18B15E8586}
		{AFAFE46B-DE92-46D7-AA37-5326BDFE2F71} = {1495404D-2CED-47BD-948E-6F18B15E8586}
		{A1B93CD2-048E-48AF-95E2-F0DFCA7E9D26} = {380625E3-8583-4E3A-B5D1-8A8E33EAC07A}
		{E95B5D54-B0EA-4ACB-99B6-3E6B46D8893F} = {A1B93CD2-048E-48AF-95E2-F0DFCA7E9D26}
		{20C3CB5F-2B1A-4851-AF57-02A89FE7B8A2} = {A1B93CD2-048E-48AF-95E2-F0DFCA7E9D26}
		{5BD81405-61A4-4259-AEF7-7B4219FFB1D5} = {A1B93CD2-048E-48AF-95E2-F0DFCA7E9D26}
		{1D4BDDD5-7303-4E1B-B132-5E6FCBB132E5} = {380625E3-8583-4E3A-B5D1-8A8E33EAC07A}
		{26228107-46AF-481D-A37E-190D069B3B26} = {1D4BDDD5-7303-4E1B-B132-5E6FCBB132E5}
		{15670001-347A-4273-8B3C-2EE90C0DE16F} = {1D4BDDD5-7303-4E1B-B132-5E6FCBB132E5}
	EndGlobalSection
	GlobalSection(ExtensibilityGlobals) = postSolution
		SolutionGuid = {C6BB6737-018F-4C9E-914D-2E0FC09F7564}
	EndGlobalSection
EndGlobal
