
Microsoft Visual Studio Solution File, Format Version 12.00
# Visual Studio Version 17
VisualStudioVersion = 17.4.33103.184
MinimumVisualStudioVersion = 10.0.40219.1
Project("{9A19103F-16F7-4668-BE54-9A1E7A4F7556}") = "PdfClown", "PdfClown\PdfClown.csproj", "{DBED0809-EE4C-45B0-92FA-E4789ECC2AEC}"
EndProject
Project("{9A19103F-16F7-4668-BE54-9A1E7A4F7556}") = "PdfClown.Samples", "PdfClown.Samples\PdfClown.Samples.csproj", "{BDBDC0A1-6937-4BB6-964D-DDC62CE2832F}"
EndProject
Project("{2150E333-8FDC-42A3-9474-1A3956D46DE8}") = "Xamarin.Test", "Xamarin.Test", "{1495404D-2CED-47BD-948E-6F18B15E8586}"
EndProject
Project("{2150E333-8FDC-42A3-9474-1A3956D46DE8}") = "Xamarin", "Xamarin", "{B2A018BE-E6B1-4E16-B7EB-069BFCCF3A46}"
EndProject
Project("{9A19103F-16F7-4668-BE54-9A1E7A4F7556}") = "PdfClown.UI.Core", "PdfClown.UI.Core\PdfClown.UI.Core.csproj", "{B16F4088-4A12-48D9-9C74-A076F4D9BB24}"
EndProject
Project("{2150E333-8FDC-42A3-9474-1A3956D46DE8}") = "UI", "UI", "{380625E3-8583-4E3A-B5D1-8A8E33EAC07A}"
EndProject
Project("{9A19103F-16F7-4668-BE54-9A1E7A4F7556}") = "PdfClown.UI.Xamarin", "PdfClown.UI.Xamarin\PdfClown.UI.Xamarin\PdfClown.UI.Xamarin.csproj", "{83740077-BDE0-40F7-90D1-48830690E3A2}"
EndProject
Project("{9A19103F-16F7-4668-BE54-9A1E7A4F7556}") = "PdfClown.UI.Xamarin.Droid", "PdfClown.UI.Xamarin\PdfClown.UI.Xamarin.Droid\PdfClown.UI.Xamarin.Droid.csproj", "{F52F7427-EFAF-4AED-B4F0-C9F6834B8A98}"
EndProject
Project("{FAE04EC0-301F-11D3-BF4B-00C04F79EFBC}") = "PdfClown.UI.Xamarin.iOS", "PdfClown.UI.Xamarin\PdfClown.UI.Xamarin.iOS\PdfClown.UI.Xamarin.iOS.csproj", "{DE7256C7-E047-4BD0-B172-A040274E3611}"
EndProject
Project("{9A19103F-16F7-4668-BE54-9A1E7A4F7556}") = "PdfClown.UI.Xamarin.WPF", "PdfClown.UI.Xamarin\PdfClown.UI.Xamarin.WPF\PdfClown.UI.Xamarin.WPF.csproj", "{F2C6F55D-4AAF-4050-8487-7E387D7353E0}"
EndProject
Project("{FAE04EC0-301F-11D3-BF4B-00C04F79EFBC}") = "PdfClown.UI.Xamarin.UWP", "PdfClown.UI.Xamarin\PdfClown.UI.Xamarin.UWP\PdfClown.UI.Xamarin.UWP.csproj", "{A91CECC2-1D41-46C4-8CCA-05C3A938F5ED}"
EndProject
Project("{9A19103F-16F7-4668-BE54-9A1E7A4F7556}") = "PdfClown.UI.Xamarin.Test", "PdfClown.UI.Xamarin.Test\PdfClown.UI.Xamarin.Test\PdfClown.UI.Xamarin.Test.csproj", "{1168A66E-BE43-4C6F-B081-81C55D04960C}"
EndProject
Project("{9A19103F-16F7-4668-BE54-9A1E7A4F7556}") = "PdfClown.UI.Xamarin.Test.Droid", "PdfClown.UI.Xamarin.Test\PdfClown.UI.Xamarin.Test.Droid\PdfClown.UI.Xamarin.Test.Droid.csproj", "{A79C7281-BEBB-4C01-A472-133C713F37EB}"
EndProject
Project("{FAE04EC0-301F-11D3-BF4B-00C04F79EFBC}") = "PdfClown.UI.Xamarin.Test.iOS", "PdfClown.UI.Xamarin.Test\PdfClown.UI.Xamarin.Test.iOS\PdfClown.UI.Xamarin.Test.iOS.csproj", "{920D41A5-ACC0-4D7E-A7FC-2B40AAD14619}"
EndProject
Project("{FAE04EC0-301F-11D3-BF4B-00C04F79EFBC}") = "PdfClown.UI.Xamarin.Test.UWP", "PdfClown.UI.Xamarin.Test\PdfClown.UI.Xamarin.Test.UWP\PdfClown.UI.Xamarin.Test.UWP.csproj", "{4184D5D8-7441-4E13-B687-D42DDFA64934}"
EndProject
Project("{9A19103F-16F7-4668-BE54-9A1E7A4F7556}") = "PdfClown.UI.Xamarin.Test.WPF", "PdfClown.UI.Xamarin.Test\PdfClown.UI.Xamarin.Test.WPF\PdfClown.UI.Xamarin.Test.WPF.csproj", "{AFAFE46B-DE92-46D7-AA37-5326BDFE2F71}"
EndProject
Global
	GlobalSection(SolutionConfigurationPlatforms) = preSolution
		Debug|Any CPU = Debug|Any CPU
		Debug|ARM = Debug|ARM
		Debug|iPhone = Debug|iPhone
		Debug|iPhoneSimulator = Debug|iPhoneSimulator
		Debug|x64 = Debug|x64
		Debug|x86 = Debug|x86
		Release|Any CPU = Release|Any CPU
		Release|ARM = Release|ARM
		Release|iPhone = Release|iPhone
		Release|iPhoneSimulator = Release|iPhoneSimulator
		Release|x64 = Release|x64
		Release|x86 = Release|x86
	EndGlobalSection
	GlobalSection(ProjectConfigurationPlatforms) = postSolution
		{DBED0809-EE4C-45B0-92FA-E4789ECC2AEC}.Debug|Any CPU.ActiveCfg = Debug|Any CPU
		{DBED0809-EE4C-45B0-92FA-E4789ECC2AEC}.Debug|Any CPU.Build.0 = Debug|Any CPU
		{DBED0809-EE4C-45B0-92FA-E4789ECC2AEC}.Debug|ARM.ActiveCfg = Debug|Any CPU
		{DBED0809-EE4C-45B0-92FA-E4789ECC2AEC}.Debug|ARM.Build.0 = Debug|Any CPU
		{DBED0809-EE4C-45B0-92FA-E4789ECC2AEC}.Debug|iPhone.ActiveCfg = Debug|Any CPU
		{DBED0809-EE4C-45B0-92FA-E4789ECC2AEC}.Debug|iPhone.Build.0 = Debug|Any CPU
		{DBED0809-EE4C-45B0-92FA-E4789ECC2AEC}.Debug|iPhoneSimulator.ActiveCfg = Debug|Any CPU
		{DBED0809-EE4C-45B0-92FA-E4789ECC2AEC}.Debug|iPhoneSimulator.Build.0 = Debug|Any CPU
		{DBED0809-EE4C-45B0-92FA-E4789ECC2AEC}.Debug|x64.ActiveCfg = Debug|Any CPU
		{DBED0809-EE4C-45B0-92FA-E4789ECC2AEC}.Debug|x64.Build.0 = Debug|Any CPU
		{DBED0809-EE4C-45B0-92FA-E4789ECC2AEC}.Debug|x86.ActiveCfg = Debug|Any CPU
		{DBED0809-EE4C-45B0-92FA-E4789ECC2AEC}.Debug|x86.Build.0 = Debug|Any CPU
		{DBED0809-EE4C-45B0-92FA-E4789ECC2AEC}.Release|Any CPU.ActiveCfg = Release|Any CPU
		{DBED0809-EE4C-45B0-92FA-E4789ECC2AEC}.Release|Any CPU.Build.0 = Release|Any CPU
		{DBED0809-EE4C-45B0-92FA-E4789ECC2AEC}.Release|ARM.ActiveCfg = Release|Any CPU
		{DBED0809-EE4C-45B0-92FA-E4789ECC2AEC}.Release|ARM.Build.0 = Release|Any CPU
		{DBED0809-EE4C-45B0-92FA-E4789ECC2AEC}.Release|iPhone.ActiveCfg = Release|Any CPU
		{DBED0809-EE4C-45B0-92FA-E4789ECC2AEC}.Release|iPhone.Build.0 = Release|Any CPU
		{DBED0809-EE4C-45B0-92FA-E4789ECC2AEC}.Release|iPhoneSimulator.ActiveCfg = Release|Any CPU
		{DBED0809-EE4C-45B0-92FA-E4789ECC2AEC}.Release|iPhoneSimulator.Build.0 = Release|Any CPU
		{DBED0809-EE4C-45B0-92FA-E4789ECC2AEC}.Release|x64.ActiveCfg = Release|Any CPU
		{DBED0809-EE4C-45B0-92FA-E4789ECC2AEC}.Release|x64.Build.0 = Release|Any CPU
		{DBED0809-EE4C-45B0-92FA-E4789ECC2AEC}.Release|x86.ActiveCfg = Release|Any CPU
		{DBED0809-EE4C-45B0-92FA-E4789ECC2AEC}.Release|x86.Build.0 = Release|Any CPU
		{BDBDC0A1-6937-4BB6-964D-DDC62CE2832F}.Debug|Any CPU.ActiveCfg = Debug|Any CPU
		{BDBDC0A1-6937-4BB6-964D-DDC62CE2832F}.Debug|Any CPU.Build.0 = Debug|Any CPU
		{BDBDC0A1-6937-4BB6-964D-DDC62CE2832F}.Debug|ARM.ActiveCfg = Debug|Any CPU
		{BDBDC0A1-6937-4BB6-964D-DDC62CE2832F}.Debug|ARM.Build.0 = Debug|Any CPU
		{BDBDC0A1-6937-4BB6-964D-DDC62CE2832F}.Debug|iPhone.ActiveCfg = Debug|Any CPU
		{BDBDC0A1-6937-4BB6-964D-DDC62CE2832F}.Debug|iPhone.Build.0 = Debug|Any CPU
		{BDBDC0A1-6937-4BB6-964D-DDC62CE2832F}.Debug|iPhoneSimulator.ActiveCfg = Debug|Any CPU
		{BDBDC0A1-6937-4BB6-964D-DDC62CE2832F}.Debug|iPhoneSimulator.Build.0 = Debug|Any CPU
		{BDBDC0A1-6937-4BB6-964D-DDC62CE2832F}.Debug|x64.ActiveCfg = Debug|Any CPU
		{BDBDC0A1-6937-4BB6-964D-DDC62CE2832F}.Debug|x64.Build.0 = Debug|Any CPU
		{BDBDC0A1-6937-4BB6-964D-DDC62CE2832F}.Debug|x86.ActiveCfg = Debug|Any CPU
		{BDBDC0A1-6937-4BB6-964D-DDC62CE2832F}.Debug|x86.Build.0 = Debug|Any CPU
		{BDBDC0A1-6937-4BB6-964D-DDC62CE2832F}.Release|Any CPU.ActiveCfg = Release|Any CPU
		{BDBDC0A1-6937-4BB6-964D-DDC62CE2832F}.Release|Any CPU.Build.0 = Release|Any CPU
		{BDBDC0A1-6937-4BB6-964D-DDC62CE2832F}.Release|ARM.ActiveCfg = Release|Any CPU
		{BDBDC0A1-6937-4BB6-964D-DDC62CE2832F}.Release|ARM.Build.0 = Release|Any CPU
		{BDBDC0A1-6937-4BB6-964D-DDC62CE2832F}.Release|iPhone.ActiveCfg = Release|Any CPU
		{BDBDC0A1-6937-4BB6-964D-DDC62CE2832F}.Release|iPhone.Build.0 = Release|Any CPU
		{BDBDC0A1-6937-4BB6-964D-DDC62CE2832F}.Release|iPhoneSimulator.ActiveCfg = Release|Any CPU
		{BDBDC0A1-6937-4BB6-964D-DDC62CE2832F}.Release|iPhoneSimulator.Build.0 = Release|Any CPU
		{BDBDC0A1-6937-4BB6-964D-DDC62CE2832F}.Release|x64.ActiveCfg = Release|Any CPU
		{BDBDC0A1-6937-4BB6-964D-DDC62CE2832F}.Release|x64.Build.0 = Release|Any CPU
		{BDBDC0A1-6937-4BB6-964D-DDC62CE2832F}.Release|x86.ActiveCfg = Release|Any CPU
		{BDBDC0A1-6937-4BB6-964D-DDC62CE2832F}.Release|x86.Build.0 = Release|Any CPU
		{B16F4088-4A12-48D9-9C74-A076F4D9BB24}.Debug|Any CPU.ActiveCfg = Debug|Any CPU
		{B16F4088-4A12-48D9-9C74-A076F4D9BB24}.Debug|Any CPU.Build.0 = Debug|Any CPU
		{B16F4088-4A12-48D9-9C74-A076F4D9BB24}.Debug|ARM.ActiveCfg = Debug|Any CPU
		{B16F4088-4A12-48D9-9C74-A076F4D9BB24}.Debug|ARM.Build.0 = Debug|Any CPU
		{B16F4088-4A12-48D9-9C74-A076F4D9BB24}.Debug|iPhone.ActiveCfg = Debug|Any CPU
		{B16F4088-4A12-48D9-9C74-A076F4D9BB24}.Debug|iPhone.Build.0 = Debug|Any CPU
		{B16F4088-4A12-48D9-9C74-A076F4D9BB24}.Debug|iPhoneSimulator.ActiveCfg = Debug|Any CPU
		{B16F4088-4A12-48D9-9C74-A076F4D9BB24}.Debug|iPhoneSimulator.Build.0 = Debug|Any CPU
		{B16F4088-4A12-48D9-9C74-A076F4D9BB24}.Debug|x64.ActiveCfg = Debug|Any CPU
		{B16F4088-4A12-48D9-9C74-A076F4D9BB24}.Debug|x64.Build.0 = Debug|Any CPU
		{B16F4088-4A12-48D9-9C74-A076F4D9BB24}.Debug|x86.ActiveCfg = Debug|Any CPU
		{B16F4088-4A12-48D9-9C74-A076F4D9BB24}.Debug|x86.Build.0 = Debug|Any CPU
		{B16F4088-4A12-48D9-9C74-A076F4D9BB24}.Release|Any CPU.ActiveCfg = Release|Any CPU
		{B16F4088-4A12-48D9-9C74-A076F4D9BB24}.Release|Any CPU.Build.0 = Release|Any CPU
		{B16F4088-4A12-48D9-9C74-A076F4D9BB24}.Release|ARM.ActiveCfg = Release|Any CPU
		{B16F4088-4A12-48D9-9C74-A076F4D9BB24}.Release|ARM.Build.0 = Release|Any CPU
		{B16F4088-4A12-48D9-9C74-A076F4D9BB24}.Release|iPhone.ActiveCfg = Release|Any CPU
		{B16F4088-4A12-48D9-9C74-A076F4D9BB24}.Release|iPhone.Build.0 = Release|Any CPU
		{B16F4088-4A12-48D9-9C74-A076F4D9BB24}.Release|iPhoneSimulator.ActiveCfg = Release|Any CPU
		{B16F4088-4A12-48D9-9C74-A076F4D9BB24}.Release|iPhoneSimulator.Build.0 = Release|Any CPU
		{B16F4088-4A12-48D9-9C74-A076F4D9BB24}.Release|x64.ActiveCfg = Release|Any CPU
		{B16F4088-4A12-48D9-9C74-A076F4D9BB24}.Release|x64.Build.0 = Release|Any CPU
		{B16F4088-4A12-48D9-9C74-A076F4D9BB24}.Release|x86.ActiveCfg = Release|Any CPU
		{B16F4088-4A12-48D9-9C74-A076F4D9BB24}.Release|x86.Build.0 = Release|Any CPU
		{83740077-BDE0-40F7-90D1-48830690E3A2}.Debug|Any CPU.ActiveCfg = Debug|Any CPU
		{83740077-BDE0-40F7-90D1-48830690E3A2}.Debug|Any CPU.Build.0 = Debug|Any CPU
		{83740077-BDE0-40F7-90D1-48830690E3A2}.Debug|ARM.ActiveCfg = Debug|Any CPU
		{83740077-BDE0-40F7-90D1-48830690E3A2}.Debug|ARM.Build.0 = Debug|Any CPU
		{83740077-BDE0-40F7-90D1-48830690E3A2}.Debug|iPhone.ActiveCfg = Debug|Any CPU
		{83740077-BDE0-40F7-90D1-48830690E3A2}.Debug|iPhone.Build.0 = Debug|Any CPU
		{83740077-BDE0-40F7-90D1-48830690E3A2}.Debug|iPhoneSimulator.ActiveCfg = Debug|Any CPU
		{83740077-BDE0-40F7-90D1-48830690E3A2}.Debug|iPhoneSimulator.Build.0 = Debug|Any CPU
		{83740077-BDE0-40F7-90D1-48830690E3A2}.Debug|x64.ActiveCfg = Debug|Any CPU
		{83740077-BDE0-40F7-90D1-48830690E3A2}.Debug|x64.Build.0 = Debug|Any CPU
		{83740077-BDE0-40F7-90D1-48830690E3A2}.Debug|x86.ActiveCfg = Debug|Any CPU
		{83740077-BDE0-40F7-90D1-48830690E3A2}.Debug|x86.Build.0 = Debug|Any CPU
		{83740077-BDE0-40F7-90D1-48830690E3A2}.Release|Any CPU.ActiveCfg = Release|Any CPU
		{83740077-BDE0-40F7-90D1-48830690E3A2}.Release|Any CPU.Build.0 = Release|Any CPU
		{83740077-BDE0-40F7-90D1-48830690E3A2}.Release|ARM.ActiveCfg = Release|Any CPU
		{83740077-BDE0-40F7-90D1-48830690E3A2}.Release|ARM.Build.0 = Release|Any CPU
		{83740077-BDE0-40F7-90D1-48830690E3A2}.Release|iPhone.ActiveCfg = Release|Any CPU
		{83740077-BDE0-40F7-90D1-48830690E3A2}.Release|iPhone.Build.0 = Release|Any CPU
		{83740077-BDE0-40F7-90D1-48830690E3A2}.Release|iPhoneSimulator.ActiveCfg = Release|Any CPU
		{83740077-BDE0-40F7-90D1-48830690E3A2}.Release|iPhoneSimulator.Build.0 = Release|Any CPU
		{83740077-BDE0-40F7-90D1-48830690E3A2}.Release|x64.ActiveCfg = Release|Any CPU
		{83740077-BDE0-40F7-90D1-48830690E3A2}.Release|x64.Build.0 = Release|Any CPU
		{83740077-BDE0-40F7-90D1-48830690E3A2}.Release|x86.ActiveCfg = Release|Any CPU
		{83740077-BDE0-40F7-90D1-48830690E3A2}.Release|x86.Build.0 = Release|Any CPU
		{F52F7427-EFAF-4AED-B4F0-C9F6834B8A98}.Debug|Any CPU.ActiveCfg = Debug|Any CPU
		{F52F7427-EFAF-4AED-B4F0-C9F6834B8A98}.Debug|Any CPU.Build.0 = Debug|Any CPU
		{F52F7427-EFAF-4AED-B4F0-C9F6834B8A98}.Debug|ARM.ActiveCfg = Debug|Any CPU
		{F52F7427-EFAF-4AED-B4F0-C9F6834B8A98}.Debug|ARM.Build.0 = Debug|Any CPU
		{F52F7427-EFAF-4AED-B4F0-C9F6834B8A98}.Debug|iPhone.ActiveCfg = Debug|Any CPU
		{F52F7427-EFAF-4AED-B4F0-C9F6834B8A98}.Debug|iPhone.Build.0 = Debug|Any CPU
		{F52F7427-EFAF-4AED-B4F0-C9F6834B8A98}.Debug|iPhoneSimulator.ActiveCfg = Debug|Any CPU
		{F52F7427-EFAF-4AED-B4F0-C9F6834B8A98}.Debug|iPhoneSimulator.Build.0 = Debug|Any CPU
		{F52F7427-EFAF-4AED-B4F0-C9F6834B8A98}.Debug|x64.ActiveCfg = Debug|Any CPU
		{F52F7427-EFAF-4AED-B4F0-C9F6834B8A98}.Debug|x64.Build.0 = Debug|Any CPU
		{F52F7427-EFAF-4AED-B4F0-C9F6834B8A98}.Debug|x86.ActiveCfg = Debug|Any CPU
		{F52F7427-EFAF-4AED-B4F0-C9F6834B8A98}.Debug|x86.Build.0 = Debug|Any CPU
		{F52F7427-EFAF-4AED-B4F0-C9F6834B8A98}.Release|Any CPU.ActiveCfg = Release|Any CPU
		{F52F7427-EFAF-4AED-B4F0-C9F6834B8A98}.Release|Any CPU.Build.0 = Release|Any CPU
		{F52F7427-EFAF-4AED-B4F0-C9F6834B8A98}.Release|ARM.ActiveCfg = Release|Any CPU
		{F52F7427-EFAF-4AED-B4F0-C9F6834B8A98}.Release|ARM.Build.0 = Release|Any CPU
		{F52F7427-EFAF-4AED-B4F0-C9F6834B8A98}.Release|iPhone.ActiveCfg = Release|Any CPU
		{F52F7427-EFAF-4AED-B4F0-C9F6834B8A98}.Release|iPhone.Build.0 = Release|Any CPU
		{F52F7427-EFAF-4AED-B4F0-C9F6834B8A98}.Release|iPhoneSimulator.ActiveCfg = Release|Any CPU
		{F52F7427-EFAF-4AED-B4F0-C9F6834B8A98}.Release|iPhoneSimulator.Build.0 = Release|Any CPU
		{F52F7427-EFAF-4AED-B4F0-C9F6834B8A98}.Release|x64.ActiveCfg = Release|Any CPU
		{F52F7427-EFAF-4AED-B4F0-C9F6834B8A98}.Release|x64.Build.0 = Release|Any CPU
		{F52F7427-EFAF-4AED-B4F0-C9F6834B8A98}.Release|x86.ActiveCfg = Release|Any CPU
		{F52F7427-EFAF-4AED-B4F0-C9F6834B8A98}.Release|x86.Build.0 = Release|Any CPU
		{DE7256C7-E047-4BD0-B172-A040274E3611}.Debug|Any CPU.ActiveCfg = Debug|iPhoneSimulator
		{DE7256C7-E047-4BD0-B172-A040274E3611}.Debug|Any CPU.Build.0 = Debug|iPhoneSimulator
		{DE7256C7-E047-4BD0-B172-A040274E3611}.Debug|ARM.ActiveCfg = Debug|iPhoneSimulator
		{DE7256C7-E047-4BD0-B172-A040274E3611}.Debug|ARM.Build.0 = Debug|iPhoneSimulator
		{DE7256C7-E047-4BD0-B172-A040274E3611}.Debug|iPhone.ActiveCfg = Debug|iPhone
		{DE7256C7-E047-4BD0-B172-A040274E3611}.Debug|iPhone.Build.0 = Debug|iPhone
		{DE7256C7-E047-4BD0-B172-A040274E3611}.Debug|iPhoneSimulator.ActiveCfg = Debug|iPhoneSimulator
		{DE7256C7-E047-4BD0-B172-A040274E3611}.Debug|iPhoneSimulator.Build.0 = Debug|iPhoneSimulator
		{DE7256C7-E047-4BD0-B172-A040274E3611}.Debug|x64.ActiveCfg = Debug|iPhoneSimulator
		{DE7256C7-E047-4BD0-B172-A040274E3611}.Debug|x64.Build.0 = Debug|iPhoneSimulator
		{DE7256C7-E047-4BD0-B172-A040274E3611}.Debug|x86.ActiveCfg = Debug|iPhoneSimulator
		{DE7256C7-E047-4BD0-B172-A040274E3611}.Debug|x86.Build.0 = Debug|iPhoneSimulator
		{DE7256C7-E047-4BD0-B172-A040274E3611}.Release|Any CPU.ActiveCfg = Release|iPhoneSimulator
		{DE7256C7-E047-4BD0-B172-A040274E3611}.Release|Any CPU.Build.0 = Release|iPhoneSimulator
		{DE7256C7-E047-4BD0-B172-A040274E3611}.Release|ARM.ActiveCfg = Release|iPhoneSimulator
		{DE7256C7-E047-4BD0-B172-A040274E3611}.Release|ARM.Build.0 = Release|iPhoneSimulator
		{DE7256C7-E047-4BD0-B172-A040274E3611}.Release|iPhone.ActiveCfg = Release|iPhone
		{DE7256C7-E047-4BD0-B172-A040274E3611}.Release|iPhone.Build.0 = Release|iPhone
		{DE7256C7-E047-4BD0-B172-A040274E3611}.Release|iPhoneSimulator.ActiveCfg = Release|iPhoneSimulator
		{DE7256C7-E047-4BD0-B172-A040274E3611}.Release|iPhoneSimulator.Build.0 = Release|iPhoneSimulator
		{DE7256C7-E047-4BD0-B172-A040274E3611}.Release|x64.ActiveCfg = Release|iPhoneSimulator
		{DE7256C7-E047-4BD0-B172-A040274E3611}.Release|x64.Build.0 = Release|iPhoneSimulator
		{DE7256C7-E047-4BD0-B172-A040274E3611}.Release|x86.ActiveCfg = Release|iPhoneSimulator
		{DE7256C7-E047-4BD0-B172-A040274E3611}.Release|x86.Build.0 = Release|iPhoneSimulator
		{F2C6F55D-4AAF-4050-8487-7E387D7353E0}.Debug|Any CPU.ActiveCfg = Debug|Any CPU
		{F2C6F55D-4AAF-4050-8487-7E387D7353E0}.Debug|Any CPU.Build.0 = Debug|Any CPU
		{F2C6F55D-4AAF-4050-8487-7E387D7353E0}.Debug|ARM.ActiveCfg = Debug|Any CPU
		{F2C6F55D-4AAF-4050-8487-7E387D7353E0}.Debug|ARM.Build.0 = Debug|Any CPU
		{F2C6F55D-4AAF-4050-8487-7E387D7353E0}.Debug|iPhone.ActiveCfg = Debug|Any CPU
		{F2C6F55D-4AAF-4050-8487-7E387D7353E0}.Debug|iPhone.Build.0 = Debug|Any CPU
		{F2C6F55D-4AAF-4050-8487-7E387D7353E0}.Debug|iPhoneSimulator.ActiveCfg = Debug|Any CPU
		{F2C6F55D-4AAF-4050-8487-7E387D7353E0}.Debug|iPhoneSimulator.Build.0 = Debug|Any CPU
		{F2C6F55D-4AAF-4050-8487-7E387D7353E0}.Debug|x64.ActiveCfg = Debug|Any CPU
		{F2C6F55D-4AAF-4050-8487-7E387D7353E0}.Debug|x64.Build.0 = Debug|Any CPU
		{F2C6F55D-4AAF-4050-8487-7E387D7353E0}.Debug|x86.ActiveCfg = Debug|Any CPU
		{F2C6F55D-4AAF-4050-8487-7E387D7353E0}.Debug|x86.Build.0 = Debug|Any CPU
		{F2C6F55D-4AAF-4050-8487-7E387D7353E0}.Release|Any CPU.ActiveCfg = Release|Any CPU
		{F2C6F55D-4AAF-4050-8487-7E387D7353E0}.Release|Any CPU.Build.0 = Release|Any CPU
		{F2C6F55D-4AAF-4050-8487-7E387D7353E0}.Release|ARM.ActiveCfg = Release|Any CPU
		{F2C6F55D-4AAF-4050-8487-7E387D7353E0}.Release|ARM.Build.0 = Release|Any CPU
		{F2C6F55D-4AAF-4050-8487-7E387D7353E0}.Release|iPhone.ActiveCfg = Release|Any CPU
		{F2C6F55D-4AAF-4050-8487-7E387D7353E0}.Release|iPhone.Build.0 = Release|Any CPU
		{F2C6F55D-4AAF-4050-8487-7E387D7353E0}.Release|iPhoneSimulator.ActiveCfg = Release|Any CPU
		{F2C6F55D-4AAF-4050-8487-7E387D7353E0}.Release|iPhoneSimulator.Build.0 = Release|Any CPU
		{F2C6F55D-4AAF-4050-8487-7E387D7353E0}.Release|x64.ActiveCfg = Release|Any CPU
		{F2C6F55D-4AAF-4050-8487-7E387D7353E0}.Release|x64.Build.0 = Release|Any CPU
		{F2C6F55D-4AAF-4050-8487-7E387D7353E0}.Release|x86.ActiveCfg = Release|Any CPU
		{F2C6F55D-4AAF-4050-8487-7E387D7353E0}.Release|x86.Build.0 = Release|Any CPU
		{A91CECC2-1D41-46C4-8CCA-05C3A938F5ED}.Debug|Any CPU.ActiveCfg = Debug|x64
		{A91CECC2-1D41-46C4-8CCA-05C3A938F5ED}.Debug|Any CPU.Build.0 = Debug|x64
		{A91CECC2-1D41-46C4-8CCA-05C3A938F5ED}.Debug|ARM.ActiveCfg = Debug|ARM
		{A91CECC2-1D41-46C4-8CCA-05C3A938F5ED}.Debug|ARM.Build.0 = Debug|ARM
		{A91CECC2-1D41-46C4-8CCA-05C3A938F5ED}.Debug|iPhone.ActiveCfg = Debug|x64
		{A91CECC2-1D41-46C4-8CCA-05C3A938F5ED}.Debug|iPhone.Build.0 = Debug|x64
		{A91CECC2-1D41-46C4-8CCA-05C3A938F5ED}.Debug|iPhoneSimulator.ActiveCfg = Debug|x64
		{A91CECC2-1D41-46C4-8CCA-05C3A938F5ED}.Debug|iPhoneSimulator.Build.0 = Debug|x64
		{A91CECC2-1D41-46C4-8CCA-05C3A938F5ED}.Debug|x64.ActiveCfg = Debug|x64
		{A91CECC2-1D41-46C4-8CCA-05C3A938F5ED}.Debug|x64.Build.0 = Debug|x64
		{A91CECC2-1D41-46C4-8CCA-05C3A938F5ED}.Debug|x86.ActiveCfg = Debug|x86
		{A91CECC2-1D41-46C4-8CCA-05C3A938F5ED}.Debug|x86.Build.0 = Debug|x86
		{A91CECC2-1D41-46C4-8CCA-05C3A938F5ED}.Release|Any CPU.ActiveCfg = Release|x64
		{A91CECC2-1D41-46C4-8CCA-05C3A938F5ED}.Release|Any CPU.Build.0 = Release|x64
		{A91CECC2-1D41-46C4-8CCA-05C3A938F5ED}.Release|ARM.ActiveCfg = Release|ARM
		{A91CECC2-1D41-46C4-8CCA-05C3A938F5ED}.Release|ARM.Build.0 = Release|ARM
		{A91CECC2-1D41-46C4-8CCA-05C3A938F5ED}.Release|iPhone.ActiveCfg = Release|x64
		{A91CECC2-1D41-46C4-8CCA-05C3A938F5ED}.Release|iPhone.Build.0 = Release|x64
		{A91CECC2-1D41-46C4-8CCA-05C3A938F5ED}.Release|iPhoneSimulator.ActiveCfg = Release|x64
		{A91CECC2-1D41-46C4-8CCA-05C3A938F5ED}.Release|iPhoneSimulator.Build.0 = Release|x64
		{A91CECC2-1D41-46C4-8CCA-05C3A938F5ED}.Release|x64.ActiveCfg = Release|x64
		{A91CECC2-1D41-46C4-8CCA-05C3A938F5ED}.Release|x64.Build.0 = Release|x64
		{A91CECC2-1D41-46C4-8CCA-05C3A938F5ED}.Release|x86.ActiveCfg = Release|x86
		{A91CECC2-1D41-46C4-8CCA-05C3A938F5ED}.Release|x86.Build.0 = Release|x86
		{1168A66E-BE43-4C6F-B081-81C55D04960C}.Debug|Any CPU.ActiveCfg = Debug|Any CPU
		{1168A66E-BE43-4C6F-B081-81C55D04960C}.Debug|Any CPU.Build.0 = Debug|Any CPU
		{1168A66E-BE43-4C6F-B081-81C55D04960C}.Debug|ARM.ActiveCfg = Debug|Any CPU
		{1168A66E-BE43-4C6F-B081-81C55D04960C}.Debug|ARM.Build.0 = Debug|Any CPU
		{1168A66E-BE43-4C6F-B081-81C55D04960C}.Debug|iPhone.ActiveCfg = Debug|Any CPU
		{1168A66E-BE43-4C6F-B081-81C55D04960C}.Debug|iPhone.Build.0 = Debug|Any CPU
		{1168A66E-BE43-4C6F-B081-81C55D04960C}.Debug|iPhoneSimulator.ActiveCfg = Debug|Any CPU
		{1168A66E-BE43-4C6F-B081-81C55D04960C}.Debug|iPhoneSimulator.Build.0 = Debug|Any CPU
		{1168A66E-BE43-4C6F-B081-81C55D04960C}.Debug|x64.ActiveCfg = Debug|Any CPU
		{1168A66E-BE43-4C6F-B081-81C55D04960C}.Debug|x64.Build.0 = Debug|Any CPU
		{1168A66E-BE43-4C6F-B081-81C55D04960C}.Debug|x86.ActiveCfg = Debug|Any CPU
		{1168A66E-BE43-4C6F-B081-81C55D04960C}.Debug|x86.Build.0 = Debug|Any CPU
		{1168A66E-BE43-4C6F-B081-81C55D04960C}.Release|Any CPU.ActiveCfg = Release|Any CPU
		{1168A66E-BE43-4C6F-B081-81C55D04960C}.Release|Any CPU.Build.0 = Release|Any CPU
		{1168A66E-BE43-4C6F-B081-81C55D04960C}.Release|ARM.ActiveCfg = Release|Any CPU
		{1168A66E-BE43-4C6F-B081-81C55D04960C}.Release|ARM.Build.0 = Release|Any CPU
		{1168A66E-BE43-4C6F-B081-81C55D04960C}.Release|iPhone.ActiveCfg = Release|Any CPU
		{1168A66E-BE43-4C6F-B081-81C55D04960C}.Release|iPhone.Build.0 = Release|Any CPU
		{1168A66E-BE43-4C6F-B081-81C55D04960C}.Release|iPhoneSimulator.ActiveCfg = Release|Any CPU
		{1168A66E-BE43-4C6F-B081-81C55D04960C}.Release|iPhoneSimulator.Build.0 = Release|Any CPU
		{1168A66E-BE43-4C6F-B081-81C55D04960C}.Release|x64.ActiveCfg = Release|Any CPU
		{1168A66E-BE43-4C6F-B081-81C55D04960C}.Release|x64.Build.0 = Release|Any CPU
		{1168A66E-BE43-4C6F-B081-81C55D04960C}.Release|x86.ActiveCfg = Release|Any CPU
		{1168A66E-BE43-4C6F-B081-81C55D04960C}.Release|x86.Build.0 = Release|Any CPU
		{A79C7281-BEBB-4C01-A472-133C713F37EB}.Debug|Any CPU.ActiveCfg = Debug|Any CPU
		{A79C7281-BEBB-4C01-A472-133C713F37EB}.Debug|Any CPU.Build.0 = Debug|Any CPU
		{A79C7281-BEBB-4C01-A472-133C713F37EB}.Debug|Any CPU.Deploy.0 = Debug|Any CPU
		{A79C7281-BEBB-4C01-A472-133C713F37EB}.Debug|ARM.ActiveCfg = Debug|Any CPU
		{A79C7281-BEBB-4C01-A472-133C713F37EB}.Debug|ARM.Build.0 = Debug|Any CPU
		{A79C7281-BEBB-4C01-A472-133C713F37EB}.Debug|ARM.Deploy.0 = Debug|Any CPU
		{A79C7281-BEBB-4C01-A472-133C713F37EB}.Debug|iPhone.ActiveCfg = Debug|Any CPU
		{A79C7281-BEBB-4C01-A472-133C713F37EB}.Debug|iPhone.Build.0 = Debug|Any CPU
		{A79C7281-BEBB-4C01-A472-133C713F37EB}.Debug|iPhone.Deploy.0 = Debug|Any CPU
		{A79C7281-BEBB-4C01-A472-133C713F37EB}.Debug|iPhoneSimulator.ActiveCfg = Debug|Any CPU
		{A79C7281-BEBB-4C01-A472-133C713F37EB}.Debug|iPhoneSimulator.Build.0 = Debug|Any CPU
		{A79C7281-BEBB-4C01-A472-133C713F37EB}.Debug|iPhoneSimulator.Deploy.0 = Debug|Any CPU
		{A79C7281-BEBB-4C01-A472-133C713F37EB}.Debug|x64.ActiveCfg = Debug|Any CPU
		{A79C7281-BEBB-4C01-A472-133C713F37EB}.Debug|x64.Build.0 = Debug|Any CPU
		{A79C7281-BEBB-4C01-A472-133C713F37EB}.Debug|x64.Deploy.0 = Debug|Any CPU
		{A79C7281-BEBB-4C01-A472-133C713F37EB}.Debug|x86.ActiveCfg = Debug|Any CPU
		{A79C7281-BEBB-4C01-A472-133C713F37EB}.Debug|x86.Build.0 = Debug|Any CPU
		{A79C7281-BEBB-4C01-A472-133C713F37EB}.Debug|x86.Deploy.0 = Debug|Any CPU
		{A79C7281-BEBB-4C01-A472-133C713F37EB}.Release|Any CPU.ActiveCfg = Release|Any CPU
		{A79C7281-BEBB-4C01-A472-133C713F37EB}.Release|Any CPU.Build.0 = Release|Any CPU
		{A79C7281-BEBB-4C01-A472-133C713F37EB}.Release|Any CPU.Deploy.0 = Release|Any CPU
		{A79C7281-BEBB-4C01-A472-133C713F37EB}.Release|ARM.ActiveCfg = Release|Any CPU
		{A79C7281-BEBB-4C01-A472-133C713F37EB}.Release|ARM.Build.0 = Release|Any CPU
		{A79C7281-BEBB-4C01-A472-133C713F37EB}.Release|ARM.Deploy.0 = Release|Any CPU
		{A79C7281-BEBB-4C01-A472-133C713F37EB}.Release|iPhone.ActiveCfg = Release|Any CPU
		{A79C7281-BEBB-4C01-A472-133C713F37EB}.Release|iPhone.Build.0 = Release|Any CPU
		{A79C7281-BEBB-4C01-A472-133C713F37EB}.Release|iPhone.Deploy.0 = Release|Any CPU
		{A79C7281-BEBB-4C01-A472-133C713F37EB}.Release|iPhoneSimulator.ActiveCfg = Release|Any CPU
		{A79C7281-BEBB-4C01-A472-133C713F37EB}.Release|iPhoneSimulator.Build.0 = Release|Any CPU
		{A79C7281-BEBB-4C01-A472-133C713F37EB}.Release|iPhoneSimulator.Deploy.0 = Release|Any CPU
		{A79C7281-BEBB-4C01-A472-133C713F37EB}.Release|x64.ActiveCfg = Release|Any CPU
		{A79C7281-BEBB-4C01-A472-133C713F37EB}.Release|x64.Build.0 = Release|Any CPU
		{A79C7281-BEBB-4C01-A472-133C713F37EB}.Release|x64.Deploy.0 = Release|Any CPU
		{A79C7281-BEBB-4C01-A472-133C713F37EB}.Release|x86.ActiveCfg = Release|Any CPU
		{A79C7281-BEBB-4C01-A472-133C713F37EB}.Release|x86.Build.0 = Release|Any CPU
		{A79C7281-BEBB-4C01-A472-133C713F37EB}.Release|x86.Deploy.0 = Release|Any CPU
		{920D41A5-ACC0-4D7E-A7FC-2B40AAD14619}.Debug|Any CPU.ActiveCfg = Debug|iPhoneSimulator
		{920D41A5-ACC0-4D7E-A7FC-2B40AAD14619}.Debug|Any CPU.Build.0 = Debug|iPhoneSimulator
		{920D41A5-ACC0-4D7E-A7FC-2B40AAD14619}.Debug|ARM.ActiveCfg = Debug|iPhoneSimulator
		{920D41A5-ACC0-4D7E-A7FC-2B40AAD14619}.Debug|ARM.Build.0 = Debug|iPhoneSimulator
		{920D41A5-ACC0-4D7E-A7FC-2B40AAD14619}.Debug|iPhone.ActiveCfg = Debug|iPhone
		{920D41A5-ACC0-4D7E-A7FC-2B40AAD14619}.Debug|iPhone.Build.0 = Debug|iPhone
		{920D41A5-ACC0-4D7E-A7FC-2B40AAD14619}.Debug|iPhoneSimulator.ActiveCfg = Debug|iPhoneSimulator
		{920D41A5-ACC0-4D7E-A7FC-2B40AAD14619}.Debug|iPhoneSimulator.Build.0 = Debug|iPhoneSimulator
		{920D41A5-ACC0-4D7E-A7FC-2B40AAD14619}.Debug|x64.ActiveCfg = Debug|iPhoneSimulator
		{920D41A5-ACC0-4D7E-A7FC-2B40AAD14619}.Debug|x64.Build.0 = Debug|iPhoneSimulator
		{920D41A5-ACC0-4D7E-A7FC-2B40AAD14619}.Debug|x86.ActiveCfg = Debug|iPhoneSimulator
		{920D41A5-ACC0-4D7E-A7FC-2B40AAD14619}.Debug|x86.Build.0 = Debug|iPhoneSimulator
		{920D41A5-ACC0-4D7E-A7FC-2B40AAD14619}.Release|Any CPU.ActiveCfg = Release|iPhoneSimulator
		{920D41A5-ACC0-4D7E-A7FC-2B40AAD14619}.Release|Any CPU.Build.0 = Release|iPhoneSimulator
		{920D41A5-ACC0-4D7E-A7FC-2B40AAD14619}.Release|ARM.ActiveCfg = Release|iPhoneSimulator
		{920D41A5-ACC0-4D7E-A7FC-2B40AAD14619}.Release|ARM.Build.0 = Release|iPhoneSimulator
		{920D41A5-ACC0-4D7E-A7FC-2B40AAD14619}.Release|iPhone.ActiveCfg = Release|iPhone
		{920D41A5-ACC0-4D7E-A7FC-2B40AAD14619}.Release|iPhone.Build.0 = Release|iPhone
		{920D41A5-ACC0-4D7E-A7FC-2B40AAD14619}.Release|iPhoneSimulator.ActiveCfg = Release|iPhoneSimulator
		{920D41A5-ACC0-4D7E-A7FC-2B40AAD14619}.Release|iPhoneSimulator.Build.0 = Release|iPhoneSimulator
		{920D41A5-ACC0-4D7E-A7FC-2B40AAD14619}.Release|x64.ActiveCfg = Release|iPhoneSimulator
		{920D41A5-ACC0-4D7E-A7FC-2B40AAD14619}.Release|x64.Build.0 = Release|iPhoneSimulator
		{920D41A5-ACC0-4D7E-A7FC-2B40AAD14619}.Release|x86.ActiveCfg = Release|iPhoneSimulator
		{920D41A5-ACC0-4D7E-A7FC-2B40AAD14619}.Release|x86.Build.0 = Release|iPhoneSimulator
		{4184D5D8-7441-4E13-B687-D42DDFA64934}.Debug|Any CPU.ActiveCfg = Debug|x64
		{4184D5D8-7441-4E13-B687-D42DDFA64934}.Debug|Any CPU.Build.0 = Debug|x64
		{4184D5D8-7441-4E13-B687-D42DDFA64934}.Debug|Any CPU.Deploy.0 = Debug|x64
		{4184D5D8-7441-4E13-B687-D42DDFA64934}.Debug|ARM.ActiveCfg = Debug|ARM
		{4184D5D8-7441-4E13-B687-D42DDFA64934}.Debug|ARM.Build.0 = Debug|ARM
		{4184D5D8-7441-4E13-B687-D42DDFA64934}.Debug|ARM.Deploy.0 = Debug|ARM
		{4184D5D8-7441-4E13-B687-D42DDFA64934}.Debug|iPhone.ActiveCfg = Debug|x64
		{4184D5D8-7441-4E13-B687-D42DDFA64934}.Debug|iPhone.Build.0 = Debug|x64
		{4184D5D8-7441-4E13-B687-D42DDFA64934}.Debug|iPhone.Deploy.0 = Debug|x64
		{4184D5D8-7441-4E13-B687-D42DDFA64934}.Debug|iPhoneSimulator.ActiveCfg = Debug|x64
		{4184D5D8-7441-4E13-B687-D42DDFA64934}.Debug|iPhoneSimulator.Build.0 = Debug|x64
		{4184D5D8-7441-4E13-B687-D42DDFA64934}.Debug|iPhoneSimulator.Deploy.0 = Debug|x64
		{4184D5D8-7441-4E13-B687-D42DDFA64934}.Debug|x64.ActiveCfg = Debug|x64
		{4184D5D8-7441-4E13-B687-D42DDFA64934}.Debug|x64.Build.0 = Debug|x64
		{4184D5D8-7441-4E13-B687-D42DDFA64934}.Debug|x64.Deploy.0 = Debug|x64
		{4184D5D8-7441-4E13-B687-D42DDFA64934}.Debug|x86.ActiveCfg = Debug|x86
		{4184D5D8-7441-4E13-B687-D42DDFA64934}.Debug|x86.Build.0 = Debug|x86
		{4184D5D8-7441-4E13-B687-D42DDFA64934}.Debug|x86.Deploy.0 = Debug|x86
		{4184D5D8-7441-4E13-B687-D42DDFA64934}.Release|Any CPU.ActiveCfg = Release|x64
		{4184D5D8-7441-4E13-B687-D42DDFA64934}.Release|Any CPU.Build.0 = Release|x64
		{4184D5D8-7441-4E13-B687-D42DDFA64934}.Release|Any CPU.Deploy.0 = Release|x64
		{4184D5D8-7441-4E13-B687-D42DDFA64934}.Release|ARM.ActiveCfg = Release|ARM
		{4184D5D8-7441-4E13-B687-D42DDFA64934}.Release|ARM.Build.0 = Release|ARM
		{4184D5D8-7441-4E13-B687-D42DDFA64934}.Release|ARM.Deploy.0 = Release|ARM
		{4184D5D8-7441-4E13-B687-D42DDFA64934}.Release|iPhone.ActiveCfg = Release|x64
		{4184D5D8-7441-4E13-B687-D42DDFA64934}.Release|iPhone.Build.0 = Release|x64
		{4184D5D8-7441-4E13-B687-D42DDFA64934}.Release|iPhone.Deploy.0 = Release|x64
		{4184D5D8-7441-4E13-B687-D42DDFA64934}.Release|iPhoneSimulator.ActiveCfg = Release|x64
		{4184D5D8-7441-4E13-B687-D42DDFA64934}.Release|iPhoneSimulator.Build.0 = Release|x64
		{4184D5D8-7441-4E13-B687-D42DDFA64934}.Release|iPhoneSimulator.Deploy.0 = Release|x64
		{4184D5D8-7441-4E13-B687-D42DDFA64934}.Release|x64.ActiveCfg = Release|x64
		{4184D5D8-7441-4E13-B687-D42DDFA64934}.Release|x64.Build.0 = Release|x64
		{4184D5D8-7441-4E13-B687-D42DDFA64934}.Release|x64.Deploy.0 = Release|x64
		{4184D5D8-7441-4E13-B687-D42DDFA64934}.Release|x86.ActiveCfg = Release|x86
		{4184D5D8-7441-4E13-B687-D42DDFA64934}.Release|x86.Build.0 = Release|x86
		{4184D5D8-7441-4E13-B687-D42DDFA64934}.Release|x86.Deploy.0 = Release|x86
		{AFAFE46B-DE92-46D7-AA37-5326BDFE2F71}.Debug|Any CPU.ActiveCfg = Debug|Any CPU
		{AFAFE46B-DE92-46D7-AA37-5326BDFE2F71}.Debug|Any CPU.Build.0 = Debug|Any CPU
		{AFAFE46B-DE92-46D7-AA37-5326BDFE2F71}.Debug|ARM.ActiveCfg = Debug|Any CPU
		{AFAFE46B-DE92-46D7-AA37-5326BDFE2F71}.Debug|ARM.Build.0 = Debug|Any CPU
		{AFAFE46B-DE92-46D7-AA37-5326BDFE2F71}.Debug|iPhone.ActiveCfg = Debug|Any CPU
		{AFAFE46B-DE92-46D7-AA37-5326BDFE2F71}.Debug|iPhone.Build.0 = Debug|Any CPU
		{AFAFE46B-DE92-46D7-AA37-5326BDFE2F71}.Debug|iPhoneSimulator.ActiveCfg = Debug|Any CPU
		{AFAFE46B-DE92-46D7-AA37-5326BDFE2F71}.Debug|iPhoneSimulator.Build.0 = Debug|Any CPU
		{AFAFE46B-DE92-46D7-AA37-5326BDFE2F71}.Debug|x64.ActiveCfg = Debug|Any CPU
		{AFAFE46B-DE92-46D7-AA37-5326BDFE2F71}.Debug|x64.Build.0 = Debug|Any CPU
		{AFAFE46B-DE92-46D7-AA37-5326BDFE2F71}.Debug|x86.ActiveCfg = Debug|Any CPU
		{AFAFE46B-DE92-46D7-AA37-5326BDFE2F71}.Debug|x86.Build.0 = Debug|Any CPU
		{AFAFE46B-DE92-46D7-AA37-5326BDFE2F71}.Release|Any CPU.ActiveCfg = Release|Any CPU
		{AFAFE46B-DE92-46D7-AA37-5326BDFE2F71}.Release|Any CPU.Build.0 = Release|Any CPU
		{AFAFE46B-DE92-46D7-AA37-5326BDFE2F71}.Release|ARM.ActiveCfg = Release|Any CPU
		{AFAFE46B-DE92-46D7-AA37-5326BDFE2F71}.Release|ARM.Build.0 = Release|Any CPU
		{AFAFE46B-DE92-46D7-AA37-5326BDFE2F71}.Release|iPhone.ActiveCfg = Release|Any CPU
		{AFAFE46B-DE92-46D7-AA37-5326BDFE2F71}.Release|iPhone.Build.0 = Release|Any CPU
		{AFAFE46B-DE92-46D7-AA37-5326BDFE2F71}.Release|iPhoneSimulator.ActiveCfg = Release|Any CPU
		{AFAFE46B-DE92-46D7-AA37-5326BDFE2F71}.Release|iPhoneSimulator.Build.0 = Release|Any CPU
		{AFAFE46B-DE92-46D7-AA37-5326BDFE2F71}.Release|x64.ActiveCfg = Release|Any CPU
		{AFAFE46B-DE92-46D7-AA37-5326BDFE2F71}.Release|x64.Build.0 = Release|Any CPU
		{AFAFE46B-DE92-46D7-AA37-5326BDFE2F71}.Release|x86.ActiveCfg = Release|Any CPU
		{AFAFE46B-DE92-46D7-AA37-5326BDFE2F71}.Release|x86.Build.0 = Release|Any CPU
	EndGlobalSection
	GlobalSection(SolutionProperties) = preSolution
		HideSolutionNode = FALSE
	EndGlobalSection
	GlobalSection(NestedProjects) = preSolution
		{1495404D-2CED-47BD-948E-6F18B15E8586} = {380625E3-8583-4E3A-B5D1-8A8E33EAC07A}
		{B2A018BE-E6B1-4E16-B7EB-069BFCCF3A46} = {380625E3-8583-4E3A-B5D1-8A8E33EAC07A}
		{B16F4088-4A12-48D9-9C74-A076F4D9BB24} = {380625E3-8583-4E3A-B5D1-8A8E33EAC07A}
		{83740077-BDE0-40F7-90D1-48830690E3A2} = {B2A018BE-E6B1-4E16-B7EB-069BFCCF3A46}
		{F52F7427-EFAF-4AED-B4F0-C9F6834B8A98} = {B2A018BE-E6B1-4E16-B7EB-069BFCCF3A46}
		{DE7256C7-E047-4BD0-B172-A040274E3611} = {B2A018BE-E6B1-4E16-B7EB-069BFCCF3A46}
		{F2C6F55D-4AAF-4050-8487-7E387D7353E0} = {B2A018BE-E6B1-4E16-B7EB-069BFCCF3A46}
		{A91CECC2-1D41-46C4-8CCA-05C3A938F5ED} = {B2A018BE-E6B1-4E16-B7EB-069BFCCF3A46}
		{1168A66E-BE43-4C6F-B081-81C55D04960C} = {1495404D-2CED-47BD-948E-6F18B15E8586}
		{A79C7281-BEBB-4C01-A472-133C713F37EB} = {1495404D-2CED-47BD-948E-6F18B15E8586}
		{920D41A5-ACC0-4D7E-A7FC-2B40AAD14619} = {1495404D-2CED-47BD-948E-6F18B15E8586}
		{4184D5D8-7441-4E13-B687-D42DDFA64934} = {1495404D-2CED-47BD-948E-6F18B15E8586}
		{AFAFE46B-DE92-46D7-AA37-5326BDFE2F71} = {1495404D-2CED-47BD-948E-6F18B15E8586}
	EndGlobalSection
	GlobalSection(ExtensibilityGlobals) = postSolution
		SolutionGuid = {C6BB6737-018F-4C9E-914D-2E0FC09F7564}
	EndGlobalSection
EndGlobal
